
Microsoft Visual Studio Solution File, Format Version 12.00
# Visual Studio 15
Project("{FAE04EC0-301F-11D3-BF4B-00C04F79EFBC}") = "Unity.AI.Sound", "Unity.AI.Sound.csproj", "{EAEA4B6E-3D9B-A34B-4C75-6257CB3F3FE2}"
EndProject
Project("{FAE04EC0-301F-11D3-BF4B-00C04F79EFBC}") = "Unity.Timeline", "Unity.Timeline.csproj", "{64C2ED3A-458F-EA59-A68D-5A3F39FF1A2D}"
EndProject
Project("{FAE04EC0-301F-11D3-BF4B-00C04F79EFBC}") = "Unity.RenderPipelines.GPUDriven.Runtime", "Unity.RenderPipelines.GPUDriven.Runtime.csproj", "{DF5D1C04-13D6-278E-29FA-C96C6522678A}"
EndProject
Project("{FAE04EC0-301F-11D3-BF4B-00C04F79EFBC}") = "Unity.InputSystem", "Unity.InputSystem.csproj", "{731F460A-FB7A-8432-D873-64ED1894C7D7}"
EndProject
Project("{FAE04EC0-301F-11D3-BF4B-00C04F79EFBC}") = "Unity.PlasticSCM.Editor", "Unity.PlasticSCM.Editor.csproj", "{68DBE44D-2FAB-062E-1F84-B8BF833A30E5}"
EndProject
Project("{FAE04EC0-301F-11D3-BF4B-00C04F79EFBC}") = "Unity.AppUI", "Unity.AppUI.csproj", "{5535E76E-0CA5-2144-C23B-F6C6A33D5505}"
EndProject
Project("{FAE04EC0-301F-11D3-BF4B-00C04F79EFBC}") = "Unity.2D.Aseprite.Editor", "Unity.2D.Aseprite.Editor.csproj", "{9C926DF6-8FCB-A029-408D-636B9F6D92F6}"
EndProject
Project("{FAE04EC0-301F-11D3-BF4B-00C04F79EFBC}") = "Unity.AI.Toolkit.Asset", "Unity.AI.Toolkit.Asset.csproj", "{5147412B-AE81-0B8F-9CB9-339BAFC6AD49}"
EndProject
Project("{FAE04EC0-301F-11D3-BF4B-00C04F79EFBC}") = "Unity.ShaderGraph.Editor", "Unity.ShaderGraph.Editor.csproj", "{E4B860C8-C7A0-3C8F-03BF-6AD2893B9D38}"
EndProject
Project("{FAE04EC0-301F-11D3-BF4B-00C04F79EFBC}") = "Unity.RenderPipelines.Core.Runtime", "Unity.RenderPipelines.Core.Runtime.csproj", "{F274600D-EE7A-EEA4-29A1-05332686803D}"
EndProject
Project("{FAE04EC0-301F-11D3-BF4B-00C04F79EFBC}") = "Unity.Mathematics", "Unity.Mathematics.csproj", "{60CD731C-7F53-C486-EFB6-1E89A7030866}"
EndProject
Project("{FAE04EC0-301F-11D3-BF4B-00C04F79EFBC}") = "Unity.Timeline.Editor", "Unity.Timeline.Editor.csproj", "{CD41F8CF-4201-5EAE-3668-D572025A5F68}"
EndProject
Project("{FAE04EC0-301F-11D3-BF4B-00C04F79EFBC}") = "Unity.Multiplayer.Center.Editor", "Unity.Multiplayer.Center.Editor.csproj", "{817E0626-1269-F491-5F4D-77BC64408D6F}"
EndProject
Project("{FAE04EC0-301F-11D3-BF4B-00C04F79EFBC}") = "Unity.RenderPipelines.Core.Editor", "Unity.RenderPipelines.Core.Editor.csproj", "{E7DFF52D-9521-B6F0-15EF-2381008B3F6D}"
EndProject
Project("{FAE04EC0-301F-11D3-BF4B-00C04F79EFBC}") = "Unity.2D.Psdimporter.Editor", "Unity.2D.Psdimporter.Editor.csproj", "{2D89156F-AE58-6433-9CFC-7BBF2F030603}"
EndProject
Project("{FAE04EC0-301F-11D3-BF4B-00C04F79EFBC}") = "UnityEngine.UI", "UnityEngine.UI.csproj", "{D215904A-7821-AA51-642D-FC5CE45397B9}"
EndProject
Project("{FAE04EC0-301F-11D3-BF4B-00C04F79EFBC}") = "Unity.2D.IK.Runtime", "Unity.2D.IK.Runtime.csproj", "{08D2AF28-B1A8-D8F9-20C3-16D239D0B202}"
EndProject
Project("{FAE04EC0-301F-11D3-BF4B-00C04F79EFBC}") = "Unity.RenderPipelines.Universal.2D.Runtime", "Unity.RenderPipelines.Universal.2D.Runtime.csproj", "{257D301E-9354-1D21-E57C-7C59E311B770}"
EndProject
Project("{FAE04EC0-301F-11D3-BF4B-00C04F79EFBC}") = "Unity.Collections", "Unity.Collections.csproj", "{4A7D135A-B08C-C93F-9197-522D31CDD182}"
EndProject
Project("{FAE04EC0-301F-11D3-BF4B-00C04F79EFBC}") = "Unity.InferenceEngine.Microsoft.Msagl", "Unity.InferenceEngine.Microsoft.Msagl.csproj", "{F1DA6562-CA3A-0C5D-DFCF-7F28741AA14F}"
EndProject
Project("{FAE04EC0-301F-11D3-BF4B-00C04F79EFBC}") = "Unity.VisualScripting.Core.Editor", "Unity.VisualScripting.Core.Editor.csproj", "{2116DFB9-F2D6-4D2C-8226-4D5C3C8989CA}"
EndProject
Project("{FAE04EC0-301F-11D3-BF4B-00C04F79EFBC}") = "Unity.RenderPipelines.Universal.Editor", "Unity.RenderPipelines.Universal.Editor.csproj", "{C5771C94-AC06-78FF-B407-06F75C2179CC}"
EndProject
Project("{FAE04EC0-301F-11D3-BF4B-00C04F79EFBC}") = "Unity.AI.Assistant.Runtime", "Unity.AI.Assistant.Runtime.csproj", "{2D245FC7-0752-505A-37E9-D791D218E6DD}"
EndProject
Project("{FAE04EC0-301F-11D3-BF4B-00C04F79EFBC}") = "Unity.PerformanceTesting.Editor", "Unity.PerformanceTesting.Editor.csproj", "{B2BC2594-D454-0280-D860-F51467A1AF73}"
EndProject
Project("{FAE04EC0-301F-11D3-BF4B-00C04F79EFBC}") = "Unity.AI.Assistant.UI.Editor", "Unity.AI.Assistant.UI.Editor.csproj", "{350555E5-4E10-BB05-3EBE-2E40387B7380}"
EndProject
Project("{FAE04EC0-301F-11D3-BF4B-00C04F79EFBC}") = "UnityEngine.TestRunner", "UnityEngine.TestRunner.csproj", "{22DD09BB-9416-1986-2A0D-8B89A54CD55C}"
EndProject
Project("{FAE04EC0-301F-11D3-BF4B-00C04F79EFBC}") = "Unity.AI.Toolkit.Utility", "Unity.AI.Toolkit.Utility.csproj", "{B28A35A4-2C8D-8009-279E-5676607EDAA8}"
EndProject
Project("{FAE04EC0-301F-11D3-BF4B-00C04F79EFBC}") = "Unity.AppUI.Redux", "Unity.AppUI.Redux.csproj", "{8C93F3C0-297C-6BDC-8E4F-2CE6F0A84B02}"
EndProject
Project("{FAE04EC0-301F-11D3-BF4B-00C04F79EFBC}") = "Unity.AI.MCP.Editor", "Unity.AI.MCP.Editor.csproj", "{61B9E430-CE04-F204-5C66-19D5652AF04B}"
EndProject
Project("{FAE04EC0-301F-11D3-BF4B-00C04F79EFBC}") = "Unity.2D.Tilemap.Editor", "Unity.2D.Tilemap.Editor.csproj", "{4DEFA630-06EA-B499-D683-E912472CFACE}"
EndProject
Project("{FAE04EC0-301F-11D3-BF4B-00C04F79EFBC}") = "Unity.Burst", "Unity.Burst.csproj", "{312CA6F9-6913-E326-38ED-5F2E67ABCC3A}"
EndProject
Project("{FAE04EC0-301F-11D3-BF4B-00C04F79EFBC}") = "Unity.AI.Generators.Redux", "Unity.AI.Generators.Redux.csproj", "{6D6C287B-61D5-1BEB-BBAB-9B4989BA7B61}"
EndProject
Project("{FAE04EC0-301F-11D3-BF4B-00C04F79EFBC}") = "Unity.InferenceEngine.Editor.Visualizer", "Unity.InferenceEngine.Editor.Visualizer.csproj", "{7795ECEE-329F-659D-1693-A9B4B3AEF0F7}"
EndProject
Project("{FAE04EC0-301F-11D3-BF4B-00C04F79EFBC}") = "Unity.VisualScripting.Flow.Editor", "Unity.VisualScripting.Flow.Editor.csproj", "{AB560265-04BE-82D1-AF98-796E24B27DFA}"
EndProject
Project("{FAE04EC0-301F-11D3-BF4B-00C04F79EFBC}") = "Unity.2D.SpriteShape.Editor", "Unity.2D.SpriteShape.Editor.csproj", "{CFF4E5EA-48FB-83BE-BD53-AACFD7BA03F4}"
EndProject
Project("{FAE04EC0-301F-11D3-BF4B-00C04F79EFBC}") = "Unity.VisualStudio.Editor", "Unity.VisualStudio.Editor.csproj", "{38AF5796-8700-4620-EED4-98C615838CBE}"
EndProject
Project("{FAE04EC0-301F-11D3-BF4B-00C04F79EFBC}") = "PPv2URPConverters", "PPv2URPConverters.csproj", "{1DB149E3-F17C-5BCC-D9D9-F1CF9C4794D4}"
EndProject
Project("{FAE04EC0-301F-11D3-BF4B-00C04F79EFBC}") = "Unity.InferenceEngine", "Unity.InferenceEngine.csproj", "{9BC9A6B6-C4D8-0FC8-198B-FF69B23EA840}"
EndProject
Project("{FAE04EC0-301F-11D3-BF4B-00C04F79EFBC}") = "Unity.2D.Animation.Editor", "Unity.2D.Animation.Editor.csproj", "{82CA645A-28C7-E4A8-BB4B-5BF69599E9FA}"
EndProject
Project("{FAE04EC0-301F-11D3-BF4B-00C04F79EFBC}") = "Unity.AI.Mesh", "Unity.AI.Mesh.csproj", "{34389E33-DF85-2BAF-C932-41DC08374049}"
EndProject
Project("{FAE04EC0-301F-11D3-BF4B-00C04F79EFBC}") = "Unity.AI.Assistant.Editor", "Unity.AI.Assistant.Editor.csproj", "{3C9EA060-9CB9-CF65-5AC3-BF4A7687477E}"
EndProject
Project("{FAE04EC0-301F-11D3-BF4B-00C04F79EFBC}") = "Unity.Searcher.Editor", "Unity.Searcher.Editor.csproj", "{09848852-BFEF-2C07-0F1E-6FA5AAFC1FCE}"
EndProject
Project("{FAE04EC0-301F-11D3-BF4B-00C04F79EFBC}") = "Unity.InferenceEngine.Tokenization", "Unity.InferenceEngine.Tokenization.csproj", "{9E8A57AC-F2E5-7D8D-4FD8-B4BCFD2C3D9B}"
EndProject
Project("{FAE04EC0-301F-11D3-BF4B-00C04F79EFBC}") = "Unity.2D.SpriteShape.Runtime", "Unity.2D.SpriteShape.Runtime.csproj", "{C8FD0984-E243-5DBB-D3C3-A8E112533AF6}"
EndProject
Project("{FAE04EC0-301F-11D3-BF4B-00C04F79EFBC}") = "UnityEditor.TestRunner", "UnityEditor.TestRunner.csproj", "{0FCDA84F-8273-22E0-58F8-02753A5BCEFD}"
EndProject
Project("{FAE04EC0-301F-11D3-BF4B-00C04F79EFBC}") = "Unity.VisualScripting.Core", "Unity.VisualScripting.Core.csproj", "{DFE04097-149F-3E56-A030-2A1F6F9BBC12}"
EndProject
Project("{FAE04EC0-301F-11D3-BF4B-00C04F79EFBC}") = "Unity.RenderPipelines.Universal.Runtime", "Unity.RenderPipelines.Universal.Runtime.csproj", "{F552774D-DAF1-3537-017F-F0370C86540C}"
EndProject
Project("{FAE04EC0-301F-11D3-BF4B-00C04F79EFBC}") = "Unity.UnifiedRayTracing.Runtime", "Unity.UnifiedRayTracing.Runtime.csproj", "{4942A661-6F91-BD54-6775-60069CE0537B}"
EndProject
Project("{FAE04EC0-301F-11D3-BF4B-00C04F79EFBC}") = "Unity.InferenceEngine.Editor", "Unity.InferenceEngine.Editor.csproj", "{7AF14B28-651E-3789-DF7C-37F6E3DC4040}"
EndProject
Project("{FAE04EC0-301F-11D3-BF4B-00C04F79EFBC}") = "Unity.VisualScripting.State.Editor", "Unity.VisualScripting.State.Editor.csproj", "{890993BA-A0EA-D081-385A-5B6538E349B0}"
EndProject
Project("{FAE04EC0-301F-11D3-BF4B-00C04F79EFBC}") = "Unity.AI.Pbr", "Unity.AI.Pbr.csproj", "{FA5FB2F1-D040-E101-51C5-48EB5C72C4F8}"
EndProject
Project("{FAE04EC0-301F-11D3-BF4B-00C04F79EFBC}") = "Unity.AI.Generators.Sdk", "Unity.AI.Generators.Sdk.csproj", "{6F6C1093-46C9-858C-776D-6E6F52252D92}"
EndProject
Project("{FAE04EC0-301F-11D3-BF4B-00C04F79EFBC}") = "Unity.Burst.CodeGen", "Unity.Burst.CodeGen.csproj", "{827E7416-7045-E9F8-187E-CE0B85D8F0D1}"
EndProject
Project("{FAE04EC0-301F-11D3-BF4B-00C04F79EFBC}") = "Unity.VisualScripting.Flow", "Unity.VisualScripting.Flow.csproj", "{BEAE5F9B-734C-4243-7093-667341D28C25}"
EndProject
Project("{FAE04EC0-301F-11D3-BF4B-00C04F79EFBC}") = "Unity.AI.Toolkit.Accounts", "Unity.AI.Toolkit.Accounts.csproj", "{C6B79A75-CBBF-114C-A379-B9ABC8BA144C}"
EndProject
Project("{FAE04EC0-301F-11D3-BF4B-00C04F79EFBC}") = "Unity.PerformanceTesting", "Unity.PerformanceTesting.csproj", "{4E312D13-199E-39A1-3DDA-24F1C0113655}"
EndProject
Project("{FAE04EC0-301F-11D3-BF4B-00C04F79EFBC}") = "Unity.AI.ModelSelector", "Unity.AI.ModelSelector.csproj", "{640D178C-E486-62FD-CF2D-336CDEDF867E}"
EndProject
Project("{FAE04EC0-301F-11D3-BF4B-00C04F79EFBC}") = "Unity.AI.Animate", "Unity.AI.Animate.csproj", "{DE83BA09-84F7-CB93-6C84-0436BCA48146}"
EndProject
Project("{FAE04EC0-301F-11D3-BF4B-00C04F79EFBC}") = "Unity.2D.Tilemap.Extras.Editor", "Unity.2D.Tilemap.Extras.Editor.csproj", "{A6FD8EFD-D7E2-4EDE-9FA1-106C85D4C68E}"
EndProject
Project("{FAE04EC0-301F-11D3-BF4B-00C04F79EFBC}") = "Unity.AI.Assistant.Tools.Editor", "Unity.AI.Assistant.Tools.Editor.csproj", "{CE88345E-E236-4B1D-9126-567406B1B11F}"
EndProject
Project("{FAE04EC0-301F-11D3-BF4B-00C04F79EFBC}") = "Unity.TextMeshPro", "Unity.TextMeshPro.csproj", "{B74EFEAA-ADB4-E3BF-FE55-148AE0A676A5}"
EndProject
Project("{FAE04EC0-301F-11D3-BF4B-00C04F79EFBC}") = "Unity.TextMeshPro.Editor", "Unity.TextMeshPro.Editor.csproj", "{331A2231-8F0D-9810-169F-93CEE74349BA}"
EndProject
Project("{FAE04EC0-301F-11D3-BF4B-00C04F79EFBC}") = "Unity.AppUI.Navigation.Editor", "Unity.AppUI.Navigation.Editor.csproj", "{243C923C-E39E-6E09-B368-78E021E07EB6}"
EndProject
Project("{FAE04EC0-301F-11D3-BF4B-00C04F79EFBC}") = "PsdPlugin", "PsdPlugin.csproj", "{0C1B6715-41EA-6C43-EA9B-224E287CF341}"
EndProject
Project("{FAE04EC0-301F-11D3-BF4B-00C04F79EFBC}") = "Unity.2D.IK.Editor", "Unity.2D.IK.Editor.csproj", "{F2FF213A-DA3E-1C99-9D95-B07334D01B3B}"
EndProject
Project("{FAE04EC0-301F-11D3-BF4B-00C04F79EFBC}") = "Unity.InternalAPIEngineBridge.001", "Unity.InternalAPIEngineBridge.001.csproj", "{19DCB376-68F1-1BC5-348F-C5E82978F5A6}"
EndProject
Project("{FAE04EC0-301F-11D3-BF4B-00C04F79EFBC}") = "Unity.Burst.Editor", "Unity.Burst.Editor.csproj", "{BC973777-4E22-0953-3CB3-586ABCFC5A87}"
EndProject
Project("{FAE04EC0-301F-11D3-BF4B-00C04F79EFBC}") = "Unity.2D.Common.Path.Editor", "Unity.2D.Common.Path.Editor.csproj", "{E88ED1E5-020B-5783-D614-428938D2DE0B}"
EndProject
Project("{FAE04EC0-301F-11D3-BF4B-00C04F79EFBC}") = "Unity.AI.Image", "Unity.AI.Image.csproj", "{6EB7A117-6C7E-5512-DD07-F39ACEFFBCED}"
EndProject
Project("{FAE04EC0-301F-11D3-BF4B-00C04F79EFBC}") = "Unity.2D.Common.Editor", "Unity.2D.Common.Editor.csproj", "{4E9729EA-7F60-FDFC-64BA-95207C6C2FAE}"
EndProject
Project("{FAE04EC0-301F-11D3-BF4B-00C04F79EFBC}") = "ScriptablePacker", "ScriptablePacker.csproj", "{BAF8EB28-397D-B814-AB8E-11AAF4DFC216}"
EndProject
Project("{FAE04EC0-301F-11D3-BF4B-00C04F79EFBC}") = "Unity.AI.Generators.UI", "Unity.AI.Generators.UI.csproj", "{5DE98EEC-E69E-081A-1893-6BAF79443F63}"
EndProject
Project("{FAE04EC0-301F-11D3-BF4B-00C04F79EFBC}") = "Unity.Rider.Editor", "Unity.Rider.Editor.csproj", "{ECA6E89A-BA1C-C8D7-32AD-04FEAAEAB5C1}"
EndProject
Project("{FAE04EC0-301F-11D3-BF4B-00C04F79EFBC}") = "Unity.2D.Tooling.Editor", "Unity.2D.Tooling.Editor.csproj", "{2C3D7A17-6A3E-FDF5-3EA8-E1597D897C54}"
EndProject
Project("{FAE04EC0-301F-11D3-BF4B-00C04F79EFBC}") = "Unity.AI.Generators.IO", "Unity.AI.Generators.IO.csproj", "{533D7CE5-4C8D-A31C-DE72-9EFEB9EC256C}"
EndProject
Project("{FAE04EC0-301F-11D3-BF4B-00C04F79EFBC}") = "Unity.VisualScripting.State", "Unity.VisualScripting.State.csproj", "{6A574CF4-86B2-7A4F-8FDA-968E50632932}"
EndProject
Project("{FAE04EC0-301F-11D3-BF4B-00C04F79EFBC}") = "Unity.InternalAPIEditorBridge.001", "Unity.InternalAPIEditorBridge.001.csproj", "{97174718-6789-5B3F-4548-56A04FC2CB71}"
EndProject
Project("{FAE04EC0-301F-11D3-BF4B-00C04F79EFBC}") = "HFDownloader", "HFDownloader.csproj", "{6385B07B-9FFB-62DD-C5E4-A66F53F3D002}"
EndProject
Project("{FAE04EC0-301F-11D3-BF4B-00C04F79EFBC}") = "Unity.AI.Assistant.Integrations.Profiler.Editor", "Unity.AI.Assistant.Integrations.Profiler.Editor.csproj", "{25567716-F3BE-06A7-0C8B-6087181ECC74}"
EndProject
Project("{FAE04EC0-301F-11D3-BF4B-00C04F79EFBC}") = "Unity.AI.Search.Editor", "Unity.AI.Search.Editor.csproj", "{A5A31805-8944-FF78-6182-3BC33E95AEDB}"
EndProject
Project("{FAE04EC0-301F-11D3-BF4B-00C04F79EFBC}") = "Unity.AI.Assistant.Agent.Dynamic.Extension.Editor", "Unity.AI.Assistant.Agent.Dynamic.Extension.Editor.csproj", "{ABAD0FBA-D103-F877-0801-B67629E6C99F}"
EndProject
Project("{FAE04EC0-301F-11D3-BF4B-00C04F79EFBC}") = "UnityEditor.UI", "UnityEditor.UI.csproj", "{FAE7797A-7C77-E15A-3F6A-B3F62178EEC6}"
EndProject
Project("{FAE04EC0-301F-11D3-BF4B-00C04F79EFBC}") = "Unity.AI.Tracing", "Unity.AI.Tracing.csproj", "{1EFD9B26-B86B-DE3D-C4A1-56BD51F17B82}"
EndProject
Project("{FAE04EC0-301F-11D3-BF4B-00C04F79EFBC}") = "Unity.RenderPipelines.Universal.2D.Editor.Overrides", "Unity.RenderPipelines.Universal.2D.Editor.Overrides.csproj", "{99A4F24C-08F8-3031-4277-749D8B56CCA2}"
EndProject
Project("{FAE04EC0-301F-11D3-BF4B-00C04F79EFBC}") = "Unity.2D.Sprite.Editor", "Unity.2D.Sprite.Editor.csproj", "{EBE3F8DC-3B15-5ABF-91C1-91EB3FF2CC09}"
EndProject
Project("{FAE04EC0-301F-11D3-BF4B-00C04F79EFBC}") = "Unity.2D.PixelPerfect.Editor", "Unity.2D.PixelPerfect.Editor.csproj", "{05A86ADC-D244-1284-86A0-F1664D9BCA04}"
EndProject
Project("{FAE04EC0-301F-11D3-BF4B-00C04F79EFBC}") = "Unity.AppUI.MVVM", "Unity.AppUI.MVVM.csproj", "{560A6BD7-79CE-8EDE-4097-D4025DC30159}"
EndProject
Project("{FAE04EC0-301F-11D3-BF4B-00C04F79EFBC}") = "Unity.AI.Toolkit.GenerationObjectPicker", "Unity.AI.Toolkit.GenerationObjectPicker.csproj", "{B86F80BF-09C7-FCB9-C85C-290062F9B036}"
EndProject
Project("{FAE04EC0-301F-11D3-BF4B-00C04F79EFBC}") = "Unity.AI.Assistant.API.Editor", "Unity.AI.Assistant.API.Editor.csproj", "{897E58B6-651C-9544-EFBB-5C8115BEA3EC}"
EndProject
Project("{FAE04EC0-301F-11D3-BF4B-00C04F79EFBC}") = "Unity.Multiplayer.Center.Common", "Unity.Multiplayer.Center.Common.csproj", "{04FBB29A-F708-46C0-F481-54CBCC54BF47}"
EndProject
Project("{FAE04EC0-301F-11D3-BF4B-00C04F79EFBC}") = "Unity.AI.Generators.UI.AIDropdownIntegrations", "Unity.AI.Generators.UI.AIDropdownIntegrations.csproj", "{F5F6A593-78D5-32CF-4388-1985648EF2FB}"
EndProject
Project("{FAE04EC0-301F-11D3-BF4B-00C04F79EFBC}") = "Unity.AppUI.Navigation", "Unity.AppUI.Navigation.csproj", "{74DE76A9-3DFA-6199-C15C-4237BEDB4E3E}"
EndProject
Project("{FAE04EC0-301F-11D3-BF4B-00C04F79EFBC}") = "Unity.InputSystem.ForUI", "Unity.InputSystem.ForUI.csproj", "{400183F6-EEDE-048C-471A-82A8A403FD7E}"
EndProject
Project("{FAE04EC0-301F-11D3-BF4B-00C04F79EFBC}") = "Unity.AI.Generators.Asset", "Unity.AI.Generators.Asset.csproj", "{EA8E503F-A06E-A3AA-57BC-0238B50BEA64}"
EndProject
Project("{FAE04EC0-301F-11D3-BF4B-00C04F79EFBC}") = "Unity.Collections.CodeGen", "Unity.Collections.CodeGen.csproj", "{BC064C45-70CD-6224-CE61-A8E94EA32817}"
EndProject
Project("{FAE04EC0-301F-11D3-BF4B-00C04F79EFBC}") = "Unity.2D.Tilemap.Extras", "Unity.2D.Tilemap.Extras.csproj", "{C16633CC-54D3-899A-FA3E-7E39F5813627}"
EndProject
Project("{FAE04EC0-301F-11D3-BF4B-00C04F79EFBC}") = "Unity.2D.Animation.Runtime", "Unity.2D.Animation.Runtime.csproj", "{E0212EE7-8F5D-D842-DB92-4A4FB04FCD90}"
EndProject
Project("{FAE04EC0-301F-11D3-BF4B-00C04F79EFBC}") = "Unity.AI.Assistant.AssetGenerators.Editor", "Unity.AI.Assistant.AssetGenerators.Editor.csproj", "{DFA36033-D42F-A0CA-A2E4-6C79C6D12BC3}"
EndProject
Project("{FAE04EC0-301F-11D3-BF4B-00C04F79EFBC}") = "Unity.Mathematics.Editor", "Unity.Mathematics.Editor.csproj", "{1F8377C7-AA5A-D528-6B17-E20AA05683F2}"
EndProject
Project("{FAE04EC0-301F-11D3-BF4B-00C04F79EFBC}") = "Unity.VisualScripting.SettingsProvider.Editor", "Unity.VisualScripting.SettingsProvider.Editor.csproj", "{93AC10F8-6E90-75C3-C8F9-9A8D9AB47209}"
EndProject
Project("{FAE04EC0-301F-11D3-BF4B-00C04F79EFBC}") = "UnityEditor.UI.Analytics", "UnityEditor.UI.Analytics.csproj", "{EFDDF2DC-838C-E6C3-6CC2-6B8A768A50C4}"
EndProject
Project("{FAE04EC0-301F-11D3-BF4B-00C04F79EFBC}") = "Unity.2D.Common.Runtime", "Unity.2D.Common.Runtime.csproj", "{5DD5EC9F-BE8F-F9F4-B1D5-EDD43D46F9EB}"
EndProject
Project("{FAE04EC0-301F-11D3-BF4B-00C04F79EFBC}") = "Unity.AI.Assistant.Annotations.Editor", "Unity.AI.Assistant.Annotations.Editor.csproj", "{2A7501BE-C703-24E3-4A8A-6D45C6D68FAE}"
EndProject
Project("{FAE04EC0-301F-11D3-BF4B-00C04F79EFBC}") = "Unity.AppUI.Editor", "Unity.AppUI.Editor.csproj", "{93D721BD-B9CC-6C3B-85BA-A2EE9EADCCBC}"
EndProject
Project("{FAE04EC0-301F-11D3-BF4B-00C04F79EFBC}") = "Unity.AI.MCP.Runtime", "Unity.AI.MCP.Runtime.csproj", "{52A91248-3C4F-01FA-13AF-04E550F70507}"
EndProject
Project("{FAE04EC0-301F-11D3-BF4B-00C04F79EFBC}") = "Unity.InputSystem.TestFramework", "Unity.InputSystem.TestFramework.csproj", "{DAFA81BE-54B2-624F-3FFF-DF19A824510E}"
EndProject
Project("{FAE04EC0-301F-11D3-BF4B-00C04F79EFBC}") = "Unity.ShaderGraph.Utilities", "Unity.ShaderGraph.Utilities.csproj", "{794FD9A7-8453-54F7-793D-3BFF4DFADDC8}"
EndProject
Project("{FAE04EC0-301F-11D3-BF4B-00C04F79EFBC}") = "Unity.AI.Generators.Tools", "Unity.AI.Generators.Tools.csproj", "{BC00331C-58E8-0634-5544-613BF4EF2370}"
EndProject
Project("{FAE04EC0-301F-11D3-BF4B-00C04F79EFBC}") = "Unity.VisualScripting.Shared.Editor", "Unity.VisualScripting.Shared.Editor.csproj", "{FAD57EAD-5394-1F6B-6770-69504DCDDC37}"
EndProject
Project("{FAE04EC0-301F-11D3-BF4B-00C04F79EFBC}") = "Unity.AppUI.Redux.Editor", "Unity.AppUI.Redux.Editor.csproj", "{822C3458-0C4F-9E47-ABB6-99F64B99DC9A}"
EndProject
Project("{FAE04EC0-301F-11D3-BF4B-00C04F79EFBC}") = "Unity.AI.Pbr.Srp", "Unity.AI.Pbr.Srp.csproj", "{FBCA509D-392A-5C1C-305B-B3E5DB8EA122}"
EndProject
Project("{FAE04EC0-301F-11D3-BF4B-00C04F79EFBC}") = "Unity.2D.Aseprite.Common", "Unity.2D.Aseprite.Common.csproj", "{70E03778-5E32-BCD4-0D69-C1D319E62CEF}"
EndProject
Project("{FAE04EC0-301F-11D3-BF4B-00C04F79EFBC}") = "Unity.AppUI.Undo", "Unity.AppUI.Undo.csproj", "{AD7A4BB6-2E88-3FD7-8FF0-4F9CEF0AA7D6}"
EndProject
Project("{FAE04EC0-301F-11D3-BF4B-00C04F79EFBC}") = "Unity.CollabProxy.Editor", "Unity.CollabProxy.Editor.csproj", "{0D5E3138-E248-BB12-CF8B-D38A99A9E4FD}"
EndProject
Project("{FAE04EC0-301F-11D3-BF4B-00C04F79EFBC}") = "Unity.AI.Toolkit.Async", "Unity.AI.Toolkit.Async.csproj", "{F825CA76-501B-914E-3CA2-1ADC2C387FDA}"
EndProject
Project("{FAE04EC0-301F-11D3-BF4B-00C04F79EFBC}") = "Unity.RenderPipeline.Universal.ShaderLibrary", "Unity.RenderPipeline.Universal.ShaderLibrary.csproj", "{8C89BBBB-E754-4D2B-970F-79C475DCE691}"
EndProject
Project("{FAE04EC0-301F-11D3-BF4B-00C04F79EFBC}") = "Unity.AI.Assistant.Bridge.Editor", "Unity.AI.Assistant.Bridge.Editor.csproj", "{ED550303-0572-719B-3258-E587FC03AAC8}"
EndProject
Project("{FAE04EC0-301F-11D3-BF4B-00C04F79EFBC}") = "Unity.AI.Toolkit.Compliance", "Unity.AI.Toolkit.Compliance.csproj", "{B607BD7A-25D4-D2AA-55FE-9AEF02E7E47B}"
EndProject
Project("{FAE04EC0-301F-11D3-BF4B-00C04F79EFBC}") = "Unity.2D.PixelPerfect", "Unity.2D.PixelPerfect.csproj", "{ACC87E03-DD9C-733C-96BC-2D70DD5840C5}"
EndProject
Project("{FAE04EC0-301F-11D3-BF4B-00C04F79EFBC}") = "Unity.InputSystem.DocCodeSamples", "Unity.InputSystem.DocCodeSamples.csproj", "{61693624-E086-B12E-7EEE-A7873942099A}"
EndProject
Project("{FAE04EC0-301F-11D3-BF4B-00C04F79EFBC}") = "Unity.RenderPipelines.Universal.Shaders", "Unity.RenderPipelines.Universal.Shaders.csproj", "{7D9FA75D-03E5-449E-C7EF-BC568E0D8A39}"
EndProject
Project("{FAE04EC0-301F-11D3-BF4B-00C04F79EFBC}") = "Unity.RenderPipelines.Core.Runtime.Shared", "Unity.RenderPipelines.Core.Runtime.Shared.csproj", "{3E147945-6371-5E4C-0291-F345456FF2A9}"
EndProject
Project("{FAE04EC0-301F-11D3-BF4B-00C04F79EFBC}") = "Unity.AI.Toolkit.GenerationContextMenu", "Unity.AI.Toolkit.GenerationContextMenu.csproj", "{86800650-4AD0-99BB-BAB8-6CB1F18FAD06}"
EndProject
Project("{FAE04EC0-301F-11D3-BF4B-00C04F79EFBC}") = "Unity.InternalAPIEngineBridge.004", "Unity.InternalAPIEngineBridge.004.csproj", "{377CA5DA-58BC-6FD4-6EA7-EE71EBAA2582}"
EndProject
Project("{FAE04EC0-301F-11D3-BF4B-00C04F79EFBC}") = "Unity.InferenceEngine.MacBLAS", "Unity.InferenceEngine.MacBLAS.csproj", "{CC1ACB47-EE99-39B6-ED93-5494A9288E8F}"
EndProject
Project("{FAE04EC0-301F-11D3-BF4B-00C04F79EFBC}") = "Unity.AppUI.InternalAPIBridge", "Unity.AppUI.InternalAPIBridge.csproj", "{590D3005-92EA-A833-5E76-7DD8C307555E}"
EndProject
Project("{FAE04EC0-301F-11D3-BF4B-00C04F79EFBC}") = "Unity.RenderPipelines.Core.Editor.Shared", "Unity.RenderPipelines.Core.Editor.Shared.csproj", "{2371C5C2-F685-D792-50C0-F9EFD2F26056}"
EndProject
Project("{FAE04EC0-301F-11D3-BF4B-00C04F79EFBC}") = "Unity.InferenceEngine.ONNX.Editor", "Unity.InferenceEngine.ONNX.Editor.csproj", "{25778027-28EB-8689-B66D-1383AC0DCDC8}"
EndProject
Project("{FAE04EC0-301F-11D3-BF4B-00C04F79EFBC}") = "Unity.VisualScripting.DocCodeExamples", "Unity.VisualScripting.DocCodeExamples.csproj", "{9687D496-98A7-0E1A-A04C-AB1C656AEE07}"
EndProject
Project("{FAE04EC0-301F-11D3-BF4B-00C04F79EFBC}") = "Assembly-CSharp", "Assembly-CSharp.csproj", "{10B3443C-D944-F3C5-3A51-4EAF6D730793}"
EndProject
Project("{FAE04EC0-301F-11D3-BF4B-00C04F79EFBC}") = "Unity.InferenceEngine.iOSBLAS", "Unity.InferenceEngine.iOSBLAS.csproj", "{A554562D-38D0-6E93-61AA-45EF482BA1C0}"
EndProject
Project("{FAE04EC0-301F-11D3-BF4B-00C04F79EFBC}") = "Unity.PlasticSCM.Editor.Entities", "Unity.PlasticSCM.Editor.Entities.csproj", "{E8775B1F-6E9A-379D-CED7-3D01A7D5223F}"
EndProject
Project("{FAE04EC0-301F-11D3-BF4B-00C04F79EFBC}") = "Unity.AI.Generators.Contexts", "Unity.AI.Generators.Contexts.csproj", "{6CCB60F8-69BA-02C2-5396-D3B8459C2899}"
EndProject
Project("{FAE04EC0-301F-11D3-BF4B-00C04F79EFBC}") = "Unity.AI.Generators.IO.Srp", "Unity.AI.Generators.IO.Srp.csproj", "{20139334-FC20-CCFF-F019-AAA0A68E6A47}"
EndProject
Project("{FAE04EC0-301F-11D3-BF4B-00C04F79EFBC}") = "Unity.AI.Animate.Motion.Runtime", "Unity.AI.Animate.Motion.Runtime.csproj", "{AC93D3E7-154E-A0BC-867F-483569A19698}"
EndProject
Project("{FAE04EC0-301F-11D3-BF4B-00C04F79EFBC}") = "Unity.Rendering.LightTransport.Editor", "Unity.Rendering.LightTransport.Editor.csproj", "{203D0878-C435-4A7B-F57A-3650A0134E09}"
EndProject
Project("{FAE04EC0-301F-11D3-BF4B-00C04F79EFBC}") = "Unity.Collections.Editor", "Unity.Collections.Editor.csproj", "{FF749788-B33E-B217-E9CB-12837D07BEAA}"
EndProject
Project("{FAE04EC0-301F-11D3-BF4B-00C04F79EFBC}") = "Unity.RenderPipelines.Universal.Config.Runtime", "Unity.RenderPipelines.Universal.Config.Runtime.csproj", "{E6C94CC3-9771-C49A-988D-625E2722EE8F}"
EndProject
Project("{FAE04EC0-301F-11D3-BF4B-00C04F79EFBC}") = "Unity.RenderPipelines.ShaderGraph.ShaderGraphLibrary", "Unity.RenderPipelines.ShaderGraph.ShaderGraphLibrary.csproj", "{20D9FEC8-0AEE-9BF9-4EF5-2772B02D5310}"
EndProject
Project("{FAE04EC0-301F-11D3-BF4B-00C04F79EFBC}") = "Unity.RenderPipelines.Core.ShaderLibrary", "Unity.RenderPipelines.Core.ShaderLibrary.csproj", "{E36839CC-AD2F-7D10-5C6A-3A57AE5AA14C}"
EndProject
Global
	GlobalSection(SolutionConfigurationPlatforms) = preSolution
		Debug|Any CPU = Debug|Any CPU
		Release|Any CPU = Release|Any CPU
	EndGlobalSection
	GlobalSection(ProjectConfigurationPlatforms) = postSolution
		{EAEA4B6E-3D9B-A34B-4C75-6257CB3F3FE2}.Debug|Any CPU.ActiveCfg = Debug|Any CPU
		{EAEA4B6E-3D9B-A34B-4C75-6257CB3F3FE2}.Debug|Any CPU.Build.0 = Debug|Any CPU
		{EAEA4B6E-3D9B-A34B-4C75-6257CB3F3FE2}.Release|Any CPU.ActiveCfg = Release|Any CPU
		{EAEA4B6E-3D9B-A34B-4C75-6257CB3F3FE2}.Release|Any CPU.Build.0 = Release|Any CPU
		{64C2ED3A-458F-EA59-A68D-5A3F39FF1A2D}.Debug|Any CPU.ActiveCfg = Debug|Any CPU
		{64C2ED3A-458F-EA59-A68D-5A3F39FF1A2D}.Debug|Any CPU.Build.0 = Debug|Any CPU
		{64C2ED3A-458F-EA59-A68D-5A3F39FF1A2D}.Release|Any CPU.ActiveCfg = Release|Any CPU
		{64C2ED3A-458F-EA59-A68D-5A3F39FF1A2D}.Release|Any CPU.Build.0 = Release|Any CPU
		{DF5D1C04-13D6-278E-29FA-C96C6522678A}.Debug|Any CPU.ActiveCfg = Debug|Any CPU
		{DF5D1C04-13D6-278E-29FA-C96C6522678A}.Debug|Any CPU.Build.0 = Debug|Any CPU
		{DF5D1C04-13D6-278E-29FA-C96C6522678A}.Release|Any CPU.ActiveCfg = Release|Any CPU
		{DF5D1C04-13D6-278E-29FA-C96C6522678A}.Release|Any CPU.Build.0 = Release|Any CPU
		{731F460A-FB7A-8432-D873-64ED1894C7D7}.Debug|Any CPU.ActiveCfg = Debug|Any CPU
		{731F460A-FB7A-8432-D873-64ED1894C7D7}.Debug|Any CPU.Build.0 = Debug|Any CPU
		{731F460A-FB7A-8432-D873-64ED1894C7D7}.Release|Any CPU.ActiveCfg = Release|Any CPU
		{731F460A-FB7A-8432-D873-64ED1894C7D7}.Release|Any CPU.Build.0 = Release|Any CPU
		{68DBE44D-2FAB-062E-1F84-B8BF833A30E5}.Debug|Any CPU.ActiveCfg = Debug|Any CPU
		{68DBE44D-2FAB-062E-1F84-B8BF833A30E5}.Debug|Any CPU.Build.0 = Debug|Any CPU
		{68DBE44D-2FAB-062E-1F84-B8BF833A30E5}.Release|Any CPU.ActiveCfg = Release|Any CPU
		{68DBE44D-2FAB-062E-1F84-B8BF833A30E5}.Release|Any CPU.Build.0 = Release|Any CPU
		{5535E76E-0CA5-2144-C23B-F6C6A33D5505}.Debug|Any CPU.ActiveCfg = Debug|Any CPU
		{5535E76E-0CA5-2144-C23B-F6C6A33D5505}.Debug|Any CPU.Build.0 = Debug|Any CPU
		{5535E76E-0CA5-2144-C23B-F6C6A33D5505}.Release|Any CPU.ActiveCfg = Release|Any CPU
		{5535E76E-0CA5-2144-C23B-F6C6A33D5505}.Release|Any CPU.Build.0 = Release|Any CPU
		{9C926DF6-8FCB-A029-408D-636B9F6D92F6}.Debug|Any CPU.ActiveCfg = Debug|Any CPU
		{9C926DF6-8FCB-A029-408D-636B9F6D92F6}.Debug|Any CPU.Build.0 = Debug|Any CPU
		{9C926DF6-8FCB-A029-408D-636B9F6D92F6}.Release|Any CPU.ActiveCfg = Release|Any CPU
		{9C926DF6-8FCB-A029-408D-636B9F6D92F6}.Release|Any CPU.Build.0 = Release|Any CPU
		{5147412B-AE81-0B8F-9CB9-339BAFC6AD49}.Debug|Any CPU.ActiveCfg = Debug|Any CPU
		{5147412B-AE81-0B8F-9CB9-339BAFC6AD49}.Debug|Any CPU.Build.0 = Debug|Any CPU
		{5147412B-AE81-0B8F-9CB9-339BAFC6AD49}.Release|Any CPU.ActiveCfg = Release|Any CPU
		{5147412B-AE81-0B8F-9CB9-339BAFC6AD49}.Release|Any CPU.Build.0 = Release|Any CPU
		{E4B860C8-C7A0-3C8F-03BF-6AD2893B9D38}.Debug|Any CPU.ActiveCfg = Debug|Any CPU
		{E4B860C8-C7A0-3C8F-03BF-6AD2893B9D38}.Debug|Any CPU.Build.0 = Debug|Any CPU
		{E4B860C8-C7A0-3C8F-03BF-6AD2893B9D38}.Release|Any CPU.ActiveCfg = Release|Any CPU
		{E4B860C8-C7A0-3C8F-03BF-6AD2893B9D38}.Release|Any CPU.Build.0 = Release|Any CPU
		{F274600D-EE7A-EEA4-29A1-05332686803D}.Debug|Any CPU.ActiveCfg = Debug|Any CPU
		{F274600D-EE7A-EEA4-29A1-05332686803D}.Debug|Any CPU.Build.0 = Debug|Any CPU
		{F274600D-EE7A-EEA4-29A1-05332686803D}.Release|Any CPU.ActiveCfg = Release|Any CPU
		{F274600D-EE7A-EEA4-29A1-05332686803D}.Release|Any CPU.Build.0 = Release|Any CPU
		{60CD731C-7F53-C486-EFB6-1E89A7030866}.Debug|Any CPU.ActiveCfg = Debug|Any CPU
		{60CD731C-7F53-C486-EFB6-1E89A7030866}.Debug|Any CPU.Build.0 = Debug|Any CPU
		{60CD731C-7F53-C486-EFB6-1E89A7030866}.Release|Any CPU.ActiveCfg = Release|Any CPU
		{60CD731C-7F53-C486-EFB6-1E89A7030866}.Release|Any CPU.Build.0 = Release|Any CPU
		{CD41F8CF-4201-5EAE-3668-D572025A5F68}.Debug|Any CPU.ActiveCfg = Debug|Any CPU
		{CD41F8CF-4201-5EAE-3668-D572025A5F68}.Debug|Any CPU.Build.0 = Debug|Any CPU
		{CD41F8CF-4201-5EAE-3668-D572025A5F68}.Release|Any CPU.ActiveCfg = Release|Any CPU
		{CD41F8CF-4201-5EAE-3668-D572025A5F68}.Release|Any CPU.Build.0 = Release|Any CPU
		{817E0626-1269-F491-5F4D-77BC64408D6F}.Debug|Any CPU.ActiveCfg = Debug|Any CPU
		{817E0626-1269-F491-5F4D-77BC64408D6F}.Debug|Any CPU.Build.0 = Debug|Any CPU
		{817E0626-1269-F491-5F4D-77BC64408D6F}.Release|Any CPU.ActiveCfg = Release|Any CPU
		{817E0626-1269-F491-5F4D-77BC64408D6F}.Release|Any CPU.Build.0 = Release|Any CPU
		{E7DFF52D-9521-B6F0-15EF-2381008B3F6D}.Debug|Any CPU.ActiveCfg = Debug|Any CPU
		{E7DFF52D-9521-B6F0-15EF-2381008B3F6D}.Debug|Any CPU.Build.0 = Debug|Any CPU
		{E7DFF52D-9521-B6F0-15EF-2381008B3F6D}.Release|Any CPU.ActiveCfg = Release|Any CPU
		{E7DFF52D-9521-B6F0-15EF-2381008B3F6D}.Release|Any CPU.Build.0 = Release|Any CPU
		{2D89156F-AE58-6433-9CFC-7BBF2F030603}.Debug|Any CPU.ActiveCfg = Debug|Any CPU
		{2D89156F-AE58-6433-9CFC-7BBF2F030603}.Debug|Any CPU.Build.0 = Debug|Any CPU
		{2D89156F-AE58-6433-9CFC-7BBF2F030603}.Release|Any CPU.ActiveCfg = Release|Any CPU
		{2D89156F-AE58-6433-9CFC-7BBF2F030603}.Release|Any CPU.Build.0 = Release|Any CPU
		{D215904A-7821-AA51-642D-FC5CE45397B9}.Debug|Any CPU.ActiveCfg = Debug|Any CPU
		{D215904A-7821-AA51-642D-FC5CE45397B9}.Debug|Any CPU.Build.0 = Debug|Any CPU
		{D215904A-7821-AA51-642D-FC5CE45397B9}.Release|Any CPU.ActiveCfg = Release|Any CPU
		{D215904A-7821-AA51-642D-FC5CE45397B9}.Release|Any CPU.Build.0 = Release|Any CPU
		{08D2AF28-B1A8-D8F9-20C3-16D239D0B202}.Debug|Any CPU.ActiveCfg = Debug|Any CPU
		{08D2AF28-B1A8-D8F9-20C3-16D239D0B202}.Debug|Any CPU.Build.0 = Debug|Any CPU
		{08D2AF28-B1A8-D8F9-20C3-16D239D0B202}.Release|Any CPU.ActiveCfg = Release|Any CPU
		{08D2AF28-B1A8-D8F9-20C3-16D239D0B202}.Release|Any CPU.Build.0 = Release|Any CPU
		{257D301E-9354-1D21-E57C-7C59E311B770}.Debug|Any CPU.ActiveCfg = Debug|Any CPU
		{257D301E-9354-1D21-E57C-7C59E311B770}.Debug|Any CPU.Build.0 = Debug|Any CPU
		{257D301E-9354-1D21-E57C-7C59E311B770}.Release|Any CPU.ActiveCfg = Release|Any CPU
		{257D301E-9354-1D21-E57C-7C59E311B770}.Release|Any CPU.Build.0 = Release|Any CPU
		{4A7D135A-B08C-C93F-9197-522D31CDD182}.Debug|Any CPU.ActiveCfg = Debug|Any CPU
		{4A7D135A-B08C-C93F-9197-522D31CDD182}.Debug|Any CPU.Build.0 = Debug|Any CPU
		{4A7D135A-B08C-C93F-9197-522D31CDD182}.Release|Any CPU.ActiveCfg = Release|Any CPU
		{4A7D135A-B08C-C93F-9197-522D31CDD182}.Release|Any CPU.Build.0 = Release|Any CPU
		{F1DA6562-CA3A-0C5D-DFCF-7F28741AA14F}.Debug|Any CPU.ActiveCfg = Debug|Any CPU
		{F1DA6562-CA3A-0C5D-DFCF-7F28741AA14F}.Debug|Any CPU.Build.0 = Debug|Any CPU
		{F1DA6562-CA3A-0C5D-DFCF-7F28741AA14F}.Release|Any CPU.ActiveCfg = Release|Any CPU
		{F1DA6562-CA3A-0C5D-DFCF-7F28741AA14F}.Release|Any CPU.Build.0 = Release|Any CPU
		{2116DFB9-F2D6-4D2C-8226-4D5C3C8989CA}.Debug|Any CPU.ActiveCfg = Debug|Any CPU
		{2116DFB9-F2D6-4D2C-8226-4D5C3C8989CA}.Debug|Any CPU.Build.0 = Debug|Any CPU
		{2116DFB9-F2D6-4D2C-8226-4D5C3C8989CA}.Release|Any CPU.ActiveCfg = Release|Any CPU
		{2116DFB9-F2D6-4D2C-8226-4D5C3C8989CA}.Release|Any CPU.Build.0 = Release|Any CPU
		{C5771C94-AC06-78FF-B407-06F75C2179CC}.Debug|Any CPU.ActiveCfg = Debug|Any CPU
		{C5771C94-AC06-78FF-B407-06F75C2179CC}.Debug|Any CPU.Build.0 = Debug|Any CPU
		{C5771C94-AC06-78FF-B407-06F75C2179CC}.Release|Any CPU.ActiveCfg = Release|Any CPU
		{C5771C94-AC06-78FF-B407-06F75C2179CC}.Release|Any CPU.Build.0 = Release|Any CPU
		{2D245FC7-0752-505A-37E9-D791D218E6DD}.Debug|Any CPU.ActiveCfg = Debug|Any CPU
		{2D245FC7-0752-505A-37E9-D791D218E6DD}.Debug|Any CPU.Build.0 = Debug|Any CPU
		{2D245FC7-0752-505A-37E9-D791D218E6DD}.Release|Any CPU.ActiveCfg = Release|Any CPU
		{2D245FC7-0752-505A-37E9-D791D218E6DD}.Release|Any CPU.Build.0 = Release|Any CPU
		{B2BC2594-D454-0280-D860-F51467A1AF73}.Debug|Any CPU.ActiveCfg = Debug|Any CPU
		{B2BC2594-D454-0280-D860-F51467A1AF73}.Debug|Any CPU.Build.0 = Debug|Any CPU
		{B2BC2594-D454-0280-D860-F51467A1AF73}.Release|Any CPU.ActiveCfg = Release|Any CPU
		{B2BC2594-D454-0280-D860-F51467A1AF73}.Release|Any CPU.Build.0 = Release|Any CPU
		{350555E5-4E10-BB05-3EBE-2E40387B7380}.Debug|Any CPU.ActiveCfg = Debug|Any CPU
		{350555E5-4E10-BB05-3EBE-2E40387B7380}.Debug|Any CPU.Build.0 = Debug|Any CPU
		{350555E5-4E10-BB05-3EBE-2E40387B7380}.Release|Any CPU.ActiveCfg = Release|Any CPU
		{350555E5-4E10-BB05-3EBE-2E40387B7380}.Release|Any CPU.Build.0 = Release|Any CPU
		{22DD09BB-9416-1986-2A0D-8B89A54CD55C}.Debug|Any CPU.ActiveCfg = Debug|Any CPU
		{22DD09BB-9416-1986-2A0D-8B89A54CD55C}.Debug|Any CPU.Build.0 = Debug|Any CPU
		{22DD09BB-9416-1986-2A0D-8B89A54CD55C}.Release|Any CPU.ActiveCfg = Release|Any CPU
		{22DD09BB-9416-1986-2A0D-8B89A54CD55C}.Release|Any CPU.Build.0 = Release|Any CPU
		{B28A35A4-2C8D-8009-279E-5676607EDAA8}.Debug|Any CPU.ActiveCfg = Debug|Any CPU
		{B28A35A4-2C8D-8009-279E-5676607EDAA8}.Debug|Any CPU.Build.0 = Debug|Any CPU
		{B28A35A4-2C8D-8009-279E-5676607EDAA8}.Release|Any CPU.ActiveCfg = Release|Any CPU
		{B28A35A4-2C8D-8009-279E-5676607EDAA8}.Release|Any CPU.Build.0 = Release|Any CPU
		{8C93F3C0-297C-6BDC-8E4F-2CE6F0A84B02}.Debug|Any CPU.ActiveCfg = Debug|Any CPU
		{8C93F3C0-297C-6BDC-8E4F-2CE6F0A84B02}.Debug|Any CPU.Build.0 = Debug|Any CPU
		{8C93F3C0-297C-6BDC-8E4F-2CE6F0A84B02}.Release|Any CPU.ActiveCfg = Release|Any CPU
		{8C93F3C0-297C-6BDC-8E4F-2CE6F0A84B02}.Release|Any CPU.Build.0 = Release|Any CPU
		{61B9E430-CE04-F204-5C66-19D5652AF04B}.Debug|Any CPU.ActiveCfg = Debug|Any CPU
		{61B9E430-CE04-F204-5C66-19D5652AF04B}.Debug|Any CPU.Build.0 = Debug|Any CPU
		{61B9E430-CE04-F204-5C66-19D5652AF04B}.Release|Any CPU.ActiveCfg = Release|Any CPU
		{61B9E430-CE04-F204-5C66-19D5652AF04B}.Release|Any CPU.Build.0 = Release|Any CPU
		{4DEFA630-06EA-B499-D683-E912472CFACE}.Debug|Any CPU.ActiveCfg = Debug|Any CPU
		{4DEFA630-06EA-B499-D683-E912472CFACE}.Debug|Any CPU.Build.0 = Debug|Any CPU
		{4DEFA630-06EA-B499-D683-E912472CFACE}.Release|Any CPU.ActiveCfg = Release|Any CPU
		{4DEFA630-06EA-B499-D683-E912472CFACE}.Release|Any CPU.Build.0 = Release|Any CPU
		{312CA6F9-6913-E326-38ED-5F2E67ABCC3A}.Debug|Any CPU.ActiveCfg = Debug|Any CPU
		{312CA6F9-6913-E326-38ED-5F2E67ABCC3A}.Debug|Any CPU.Build.0 = Debug|Any CPU
		{312CA6F9-6913-E326-38ED-5F2E67ABCC3A}.Release|Any CPU.ActiveCfg = Release|Any CPU
		{312CA6F9-6913-E326-38ED-5F2E67ABCC3A}.Release|Any CPU.Build.0 = Release|Any CPU
		{6D6C287B-61D5-1BEB-BBAB-9B4989BA7B61}.Debug|Any CPU.ActiveCfg = Debug|Any CPU
		{6D6C287B-61D5-1BEB-BBAB-9B4989BA7B61}.Debug|Any CPU.Build.0 = Debug|Any CPU
		{6D6C287B-61D5-1BEB-BBAB-9B4989BA7B61}.Release|Any CPU.ActiveCfg = Release|Any CPU
		{6D6C287B-61D5-1BEB-BBAB-9B4989BA7B61}.Release|Any CPU.Build.0 = Release|Any CPU
		{7795ECEE-329F-659D-1693-A9B4B3AEF0F7}.Debug|Any CPU.ActiveCfg = Debug|Any CPU
		{7795ECEE-329F-659D-1693-A9B4B3AEF0F7}.Debug|Any CPU.Build.0 = Debug|Any CPU
		{7795ECEE-329F-659D-1693-A9B4B3AEF0F7}.Release|Any CPU.ActiveCfg = Release|Any CPU
		{7795ECEE-329F-659D-1693-A9B4B3AEF0F7}.Release|Any CPU.Build.0 = Release|Any CPU
		{AB560265-04BE-82D1-AF98-796E24B27DFA}.Debug|Any CPU.ActiveCfg = Debug|Any CPU
		{AB560265-04BE-82D1-AF98-796E24B27DFA}.Debug|Any CPU.Build.0 = Debug|Any CPU
		{AB560265-04BE-82D1-AF98-796E24B27DFA}.Release|Any CPU.ActiveCfg = Release|Any CPU
		{AB560265-04BE-82D1-AF98-796E24B27DFA}.Release|Any CPU.Build.0 = Release|Any CPU
		{CFF4E5EA-48FB-83BE-BD53-AACFD7BA03F4}.Debug|Any CPU.ActiveCfg = Debug|Any CPU
		{CFF4E5EA-48FB-83BE-BD53-AACFD7BA03F4}.Debug|Any CPU.Build.0 = Debug|Any CPU
		{CFF4E5EA-48FB-83BE-BD53-AACFD7BA03F4}.Release|Any CPU.ActiveCfg = Release|Any CPU
		{CFF4E5EA-48FB-83BE-BD53-AACFD7BA03F4}.Release|Any CPU.Build.0 = Release|Any CPU
		{38AF5796-8700-4620-EED4-98C615838CBE}.Debug|Any CPU.ActiveCfg = Debug|Any CPU
		{38AF5796-8700-4620-EED4-98C615838CBE}.Debug|Any CPU.Build.0 = Debug|Any CPU
		{38AF5796-8700-4620-EED4-98C615838CBE}.Release|Any CPU.ActiveCfg = Release|Any CPU
		{38AF5796-8700-4620-EED4-98C615838CBE}.Release|Any CPU.Build.0 = Release|Any CPU
		{1DB149E3-F17C-5BCC-D9D9-F1CF9C4794D4}.Debug|Any CPU.ActiveCfg = Debug|Any CPU
		{1DB149E3-F17C-5BCC-D9D9-F1CF9C4794D4}.Debug|Any CPU.Build.0 = Debug|Any CPU
		{1DB149E3-F17C-5BCC-D9D9-F1CF9C4794D4}.Release|Any CPU.ActiveCfg = Release|Any CPU
		{1DB149E3-F17C-5BCC-D9D9-F1CF9C4794D4}.Release|Any CPU.Build.0 = Release|Any CPU
		{9BC9A6B6-C4D8-0FC8-198B-FF69B23EA840}.Debug|Any CPU.ActiveCfg = Debug|Any CPU
		{9BC9A6B6-C4D8-0FC8-198B-FF69B23EA840}.Debug|Any CPU.Build.0 = Debug|Any CPU
		{9BC9A6B6-C4D8-0FC8-198B-FF69B23EA840}.Release|Any CPU.ActiveCfg = Release|Any CPU
		{9BC9A6B6-C4D8-0FC8-198B-FF69B23EA840}.Release|Any CPU.Build.0 = Release|Any CPU
		{82CA645A-28C7-E4A8-BB4B-5BF69599E9FA}.Debug|Any CPU.ActiveCfg = Debug|Any CPU
		{82CA645A-28C7-E4A8-BB4B-5BF69599E9FA}.Debug|Any CPU.Build.0 = Debug|Any CPU
		{82CA645A-28C7-E4A8-BB4B-5BF69599E9FA}.Release|Any CPU.ActiveCfg = Release|Any CPU
		{82CA645A-28C7-E4A8-BB4B-5BF69599E9FA}.Release|Any CPU.Build.0 = Release|Any CPU
		{34389E33-DF85-2BAF-C932-41DC08374049}.Debug|Any CPU.ActiveCfg = Debug|Any CPU
		{34389E33-DF85-2BAF-C932-41DC08374049}.Debug|Any CPU.Build.0 = Debug|Any CPU
		{34389E33-DF85-2BAF-C932-41DC08374049}.Release|Any CPU.ActiveCfg = Release|Any CPU
		{34389E33-DF85-2BAF-C932-41DC08374049}.Release|Any CPU.Build.0 = Release|Any CPU
		{3C9EA060-9CB9-CF65-5AC3-BF4A7687477E}.Debug|Any CPU.ActiveCfg = Debug|Any CPU
		{3C9EA060-9CB9-CF65-5AC3-BF4A7687477E}.Debug|Any CPU.Build.0 = Debug|Any CPU
		{3C9EA060-9CB9-CF65-5AC3-BF4A7687477E}.Release|Any CPU.ActiveCfg = Release|Any CPU
		{3C9EA060-9CB9-CF65-5AC3-BF4A7687477E}.Release|Any CPU.Build.0 = Release|Any CPU
		{09848852-BFEF-2C07-0F1E-6FA5AAFC1FCE}.Debug|Any CPU.ActiveCfg = Debug|Any CPU
		{09848852-BFEF-2C07-0F1E-6FA5AAFC1FCE}.Debug|Any CPU.Build.0 = Debug|Any CPU
		{09848852-BFEF-2C07-0F1E-6FA5AAFC1FCE}.Release|Any CPU.ActiveCfg = Release|Any CPU
		{09848852-BFEF-2C07-0F1E-6FA5AAFC1FCE}.Release|Any CPU.Build.0 = Release|Any CPU
		{9E8A57AC-F2E5-7D8D-4FD8-B4BCFD2C3D9B}.Debug|Any CPU.ActiveCfg = Debug|Any CPU
		{9E8A57AC-F2E5-7D8D-4FD8-B4BCFD2C3D9B}.Debug|Any CPU.Build.0 = Debug|Any CPU
		{9E8A57AC-F2E5-7D8D-4FD8-B4BCFD2C3D9B}.Release|Any CPU.ActiveCfg = Release|Any CPU
		{9E8A57AC-F2E5-7D8D-4FD8-B4BCFD2C3D9B}.Release|Any CPU.Build.0 = Release|Any CPU
		{C8FD0984-E243-5DBB-D3C3-A8E112533AF6}.Debug|Any CPU.ActiveCfg = Debug|Any CPU
		{C8FD0984-E243-5DBB-D3C3-A8E112533AF6}.Debug|Any CPU.Build.0 = Debug|Any CPU
		{C8FD0984-E243-5DBB-D3C3-A8E112533AF6}.Release|Any CPU.ActiveCfg = Release|Any CPU
		{C8FD0984-E243-5DBB-D3C3-A8E112533AF6}.Release|Any CPU.Build.0 = Release|Any CPU
		{0FCDA84F-8273-22E0-58F8-02753A5BCEFD}.Debug|Any CPU.ActiveCfg = Debug|Any CPU
		{0FCDA84F-8273-22E0-58F8-02753A5BCEFD}.Debug|Any CPU.Build.0 = Debug|Any CPU
		{0FCDA84F-8273-22E0-58F8-02753A5BCEFD}.Release|Any CPU.ActiveCfg = Release|Any CPU
		{0FCDA84F-8273-22E0-58F8-02753A5BCEFD}.Release|Any CPU.Build.0 = Release|Any CPU
		{DFE04097-149F-3E56-A030-2A1F6F9BBC12}.Debug|Any CPU.ActiveCfg = Debug|Any CPU
		{DFE04097-149F-3E56-A030-2A1F6F9BBC12}.Debug|Any CPU.Build.0 = Debug|Any CPU
		{DFE04097-149F-3E56-A030-2A1F6F9BBC12}.Release|Any CPU.ActiveCfg = Release|Any CPU
		{DFE04097-149F-3E56-A030-2A1F6F9BBC12}.Release|Any CPU.Build.0 = Release|Any CPU
		{F552774D-DAF1-3537-017F-F0370C86540C}.Debug|Any CPU.ActiveCfg = Debug|Any CPU
		{F552774D-DAF1-3537-017F-F0370C86540C}.Debug|Any CPU.Build.0 = Debug|Any CPU
		{F552774D-DAF1-3537-017F-F0370C86540C}.Release|Any CPU.ActiveCfg = Release|Any CPU
		{F552774D-DAF1-3537-017F-F0370C86540C}.Release|Any CPU.Build.0 = Release|Any CPU
		{4942A661-6F91-BD54-6775-60069CE0537B}.Debug|Any CPU.ActiveCfg = Debug|Any CPU
		{4942A661-6F91-BD54-6775-60069CE0537B}.Debug|Any CPU.Build.0 = Debug|Any CPU
		{4942A661-6F91-BD54-6775-60069CE0537B}.Release|Any CPU.ActiveCfg = Release|Any CPU
		{4942A661-6F91-BD54-6775-60069CE0537B}.Release|Any CPU.Build.0 = Release|Any CPU
		{7AF14B28-651E-3789-DF7C-37F6E3DC4040}.Debug|Any CPU.ActiveCfg = Debug|Any CPU
		{7AF14B28-651E-3789-DF7C-37F6E3DC4040}.Debug|Any CPU.Build.0 = Debug|Any CPU
		{7AF14B28-651E-3789-DF7C-37F6E3DC4040}.Release|Any CPU.ActiveCfg = Release|Any CPU
		{7AF14B28-651E-3789-DF7C-37F6E3DC4040}.Release|Any CPU.Build.0 = Release|Any CPU
		{890993BA-A0EA-D081-385A-5B6538E349B0}.Debug|Any CPU.ActiveCfg = Debug|Any CPU
		{890993BA-A0EA-D081-385A-5B6538E349B0}.Debug|Any CPU.Build.0 = Debug|Any CPU
		{890993BA-A0EA-D081-385A-5B6538E349B0}.Release|Any CPU.ActiveCfg = Release|Any CPU
		{890993BA-A0EA-D081-385A-5B6538E349B0}.Release|Any CPU.Build.0 = Release|Any CPU
		{FA5FB2F1-D040-E101-51C5-48EB5C72C4F8}.Debug|Any CPU.ActiveCfg = Debug|Any CPU
		{FA5FB2F1-D040-E101-51C5-48EB5C72C4F8}.Debug|Any CPU.Build.0 = Debug|Any CPU
		{FA5FB2F1-D040-E101-51C5-48EB5C72C4F8}.Release|Any CPU.ActiveCfg = Release|Any CPU
		{FA5FB2F1-D040-E101-51C5-48EB5C72C4F8}.Release|Any CPU.Build.0 = Release|Any CPU
		{6F6C1093-46C9-858C-776D-6E6F52252D92}.Debug|Any CPU.ActiveCfg = Debug|Any CPU
		{6F6C1093-46C9-858C-776D-6E6F52252D92}.Debug|Any CPU.Build.0 = Debug|Any CPU
		{6F6C1093-46C9-858C-776D-6E6F52252D92}.Release|Any CPU.ActiveCfg = Release|Any CPU
		{6F6C1093-46C9-858C-776D-6E6F52252D92}.Release|Any CPU.Build.0 = Release|Any CPU
		{827E7416-7045-E9F8-187E-CE0B85D8F0D1}.Debug|Any CPU.ActiveCfg = Debug|Any CPU
		{827E7416-7045-E9F8-187E-CE0B85D8F0D1}.Debug|Any CPU.Build.0 = Debug|Any CPU
		{827E7416-7045-E9F8-187E-CE0B85D8F0D1}.Release|Any CPU.ActiveCfg = Release|Any CPU
		{827E7416-7045-E9F8-187E-CE0B85D8F0D1}.Release|Any CPU.Build.0 = Release|Any CPU
		{BEAE5F9B-734C-4243-7093-667341D28C25}.Debug|Any CPU.ActiveCfg = Debug|Any CPU
		{BEAE5F9B-734C-4243-7093-667341D28C25}.Debug|Any CPU.Build.0 = Debug|Any CPU
		{BEAE5F9B-734C-4243-7093-667341D28C25}.Release|Any CPU.ActiveCfg = Release|Any CPU
		{BEAE5F9B-734C-4243-7093-667341D28C25}.Release|Any CPU.Build.0 = Release|Any CPU
		{C6B79A75-CBBF-114C-A379-B9ABC8BA144C}.Debug|Any CPU.ActiveCfg = Debug|Any CPU
		{C6B79A75-CBBF-114C-A379-B9ABC8BA144C}.Debug|Any CPU.Build.0 = Debug|Any CPU
		{C6B79A75-CBBF-114C-A379-B9ABC8BA144C}.Release|Any CPU.ActiveCfg = Release|Any CPU
		{C6B79A75-CBBF-114C-A379-B9ABC8BA144C}.Release|Any CPU.Build.0 = Release|Any CPU
		{4E312D13-199E-39A1-3DDA-24F1C0113655}.Debug|Any CPU.ActiveCfg = Debug|Any CPU
		{4E312D13-199E-39A1-3DDA-24F1C0113655}.Debug|Any CPU.Build.0 = Debug|Any CPU
		{4E312D13-199E-39A1-3DDA-24F1C0113655}.Release|Any CPU.ActiveCfg = Release|Any CPU
		{4E312D13-199E-39A1-3DDA-24F1C0113655}.Release|Any CPU.Build.0 = Release|Any CPU
		{640D178C-E486-62FD-CF2D-336CDEDF867E}.Debug|Any CPU.ActiveCfg = Debug|Any CPU
		{640D178C-E486-62FD-CF2D-336CDEDF867E}.Debug|Any CPU.Build.0 = Debug|Any CPU
		{640D178C-E486-62FD-CF2D-336CDEDF867E}.Release|Any CPU.ActiveCfg = Release|Any CPU
		{640D178C-E486-62FD-CF2D-336CDEDF867E}.Release|Any CPU.Build.0 = Release|Any CPU
		{DE83BA09-84F7-CB93-6C84-0436BCA48146}.Debug|Any CPU.ActiveCfg = Debug|Any CPU
		{DE83BA09-84F7-CB93-6C84-0436BCA48146}.Debug|Any CPU.Build.0 = Debug|Any CPU
		{DE83BA09-84F7-CB93-6C84-0436BCA48146}.Release|Any CPU.ActiveCfg = Release|Any CPU
		{DE83BA09-84F7-CB93-6C84-0436BCA48146}.Release|Any CPU.Build.0 = Release|Any CPU
		{A6FD8EFD-D7E2-4EDE-9FA1-106C85D4C68E}.Debug|Any CPU.ActiveCfg = Debug|Any CPU
		{A6FD8EFD-D7E2-4EDE-9FA1-106C85D4C68E}.Debug|Any CPU.Build.0 = Debug|Any CPU
		{A6FD8EFD-D7E2-4EDE-9FA1-106C85D4C68E}.Release|Any CPU.ActiveCfg = Release|Any CPU
		{A6FD8EFD-D7E2-4EDE-9FA1-106C85D4C68E}.Release|Any CPU.Build.0 = Release|Any CPU
		{CE88345E-E236-4B1D-9126-567406B1B11F}.Debug|Any CPU.ActiveCfg = Debug|Any CPU
		{CE88345E-E236-4B1D-9126-567406B1B11F}.Debug|Any CPU.Build.0 = Debug|Any CPU
		{CE88345E-E236-4B1D-9126-567406B1B11F}.Release|Any CPU.ActiveCfg = Release|Any CPU
		{CE88345E-E236-4B1D-9126-567406B1B11F}.Release|Any CPU.Build.0 = Release|Any CPU
		{B74EFEAA-ADB4-E3BF-FE55-148AE0A676A5}.Debug|Any CPU.ActiveCfg = Debug|Any CPU
		{B74EFEAA-ADB4-E3BF-FE55-148AE0A676A5}.Debug|Any CPU.Build.0 = Debug|Any CPU
		{B74EFEAA-ADB4-E3BF-FE55-148AE0A676A5}.Release|Any CPU.ActiveCfg = Release|Any CPU
		{B74EFEAA-ADB4-E3BF-FE55-148AE0A676A5}.Release|Any CPU.Build.0 = Release|Any CPU
		{331A2231-8F0D-9810-169F-93CEE74349BA}.Debug|Any CPU.ActiveCfg = Debug|Any CPU
		{331A2231-8F0D-9810-169F-93CEE74349BA}.Debug|Any CPU.Build.0 = Debug|Any CPU
		{331A2231-8F0D-9810-169F-93CEE74349BA}.Release|Any CPU.ActiveCfg = Release|Any CPU
		{331A2231-8F0D-9810-169F-93CEE74349BA}.Release|Any CPU.Build.0 = Release|Any CPU
		{243C923C-E39E-6E09-B368-78E021E07EB6}.Debug|Any CPU.ActiveCfg = Debug|Any CPU
		{243C923C-E39E-6E09-B368-78E021E07EB6}.Debug|Any CPU.Build.0 = Debug|Any CPU
		{243C923C-E39E-6E09-B368-78E021E07EB6}.Release|Any CPU.ActiveCfg = Release|Any CPU
		{243C923C-E39E-6E09-B368-78E021E07EB6}.Release|Any CPU.Build.0 = Release|Any CPU
		{0C1B6715-41EA-6C43-EA9B-224E287CF341}.Debug|Any CPU.ActiveCfg = Debug|Any CPU
		{0C1B6715-41EA-6C43-EA9B-224E287CF341}.Debug|Any CPU.Build.0 = Debug|Any CPU
		{0C1B6715-41EA-6C43-EA9B-224E287CF341}.Release|Any CPU.ActiveCfg = Release|Any CPU
		{0C1B6715-41EA-6C43-EA9B-224E287CF341}.Release|Any CPU.Build.0 = Release|Any CPU
		{F2FF213A-DA3E-1C99-9D95-B07334D01B3B}.Debug|Any CPU.ActiveCfg = Debug|Any CPU
		{F2FF213A-DA3E-1C99-9D95-B07334D01B3B}.Debug|Any CPU.Build.0 = Debug|Any CPU
		{F2FF213A-DA3E-1C99-9D95-B07334D01B3B}.Release|Any CPU.ActiveCfg = Release|Any CPU
		{F2FF213A-DA3E-1C99-9D95-B07334D01B3B}.Release|Any CPU.Build.0 = Release|Any CPU
		{19DCB376-68F1-1BC5-348F-C5E82978F5A6}.Debug|Any CPU.ActiveCfg = Debug|Any CPU
		{19DCB376-68F1-1BC5-348F-C5E82978F5A6}.Debug|Any CPU.Build.0 = Debug|Any CPU
		{19DCB376-68F1-1BC5-348F-C5E82978F5A6}.Release|Any CPU.ActiveCfg = Release|Any CPU
		{19DCB376-68F1-1BC5-348F-C5E82978F5A6}.Release|Any CPU.Build.0 = Release|Any CPU
		{BC973777-4E22-0953-3CB3-586ABCFC5A87}.Debug|Any CPU.ActiveCfg = Debug|Any CPU
		{BC973777-4E22-0953-3CB3-586ABCFC5A87}.Debug|Any CPU.Build.0 = Debug|Any CPU
		{BC973777-4E22-0953-3CB3-586ABCFC5A87}.Release|Any CPU.ActiveCfg = Release|Any CPU
		{BC973777-4E22-0953-3CB3-586ABCFC5A87}.Release|Any CPU.Build.0 = Release|Any CPU
		{E88ED1E5-020B-5783-D614-428938D2DE0B}.Debug|Any CPU.ActiveCfg = Debug|Any CPU
		{E88ED1E5-020B-5783-D614-428938D2DE0B}.Debug|Any CPU.Build.0 = Debug|Any CPU
		{E88ED1E5-020B-5783-D614-428938D2DE0B}.Release|Any CPU.ActiveCfg = Release|Any CPU
		{E88ED1E5-020B-5783-D614-428938D2DE0B}.Release|Any CPU.Build.0 = Release|Any CPU
		{6EB7A117-6C7E-5512-DD07-F39ACEFFBCED}.Debug|Any CPU.ActiveCfg = Debug|Any CPU
		{6EB7A117-6C7E-5512-DD07-F39ACEFFBCED}.Debug|Any CPU.Build.0 = Debug|Any CPU
		{6EB7A117-6C7E-5512-DD07-F39ACEFFBCED}.Release|Any CPU.ActiveCfg = Release|Any CPU
		{6EB7A117-6C7E-5512-DD07-F39ACEFFBCED}.Release|Any CPU.Build.0 = Release|Any CPU
		{4E9729EA-7F60-FDFC-64BA-95207C6C2FAE}.Debug|Any CPU.ActiveCfg = Debug|Any CPU
		{4E9729EA-7F60-FDFC-64BA-95207C6C2FAE}.Debug|Any CPU.Build.0 = Debug|Any CPU
		{4E9729EA-7F60-FDFC-64BA-95207C6C2FAE}.Release|Any CPU.ActiveCfg = Release|Any CPU
		{4E9729EA-7F60-FDFC-64BA-95207C6C2FAE}.Release|Any CPU.Build.0 = Release|Any CPU
		{BAF8EB28-397D-B814-AB8E-11AAF4DFC216}.Debug|Any CPU.ActiveCfg = Debug|Any CPU
		{BAF8EB28-397D-B814-AB8E-11AAF4DFC216}.Debug|Any CPU.Build.0 = Debug|Any CPU
		{BAF8EB28-397D-B814-AB8E-11AAF4DFC216}.Release|Any CPU.ActiveCfg = Release|Any CPU
		{BAF8EB28-397D-B814-AB8E-11AAF4DFC216}.Release|Any CPU.Build.0 = Release|Any CPU
		{5DE98EEC-E69E-081A-1893-6BAF79443F63}.Debug|Any CPU.ActiveCfg = Debug|Any CPU
		{5DE98EEC-E69E-081A-1893-6BAF79443F63}.Debug|Any CPU.Build.0 = Debug|Any CPU
		{5DE98EEC-E69E-081A-1893-6BAF79443F63}.Release|Any CPU.ActiveCfg = Release|Any CPU
		{5DE98EEC-E69E-081A-1893-6BAF79443F63}.Release|Any CPU.Build.0 = Release|Any CPU
		{ECA6E89A-BA1C-C8D7-32AD-04FEAAEAB5C1}.Debug|Any CPU.ActiveCfg = Debug|Any CPU
		{ECA6E89A-BA1C-C8D7-32AD-04FEAAEAB5C1}.Debug|Any CPU.Build.0 = Debug|Any CPU
		{ECA6E89A-BA1C-C8D7-32AD-04FEAAEAB5C1}.Release|Any CPU.ActiveCfg = Release|Any CPU
		{ECA6E89A-BA1C-C8D7-32AD-04FEAAEAB5C1}.Release|Any CPU.Build.0 = Release|Any CPU
		{2C3D7A17-6A3E-FDF5-3EA8-E1597D897C54}.Debug|Any CPU.ActiveCfg = Debug|Any CPU
		{2C3D7A17-6A3E-FDF5-3EA8-E1597D897C54}.Debug|Any CPU.Build.0 = Debug|Any CPU
		{2C3D7A17-6A3E-FDF5-3EA8-E1597D897C54}.Release|Any CPU.ActiveCfg = Release|Any CPU
		{2C3D7A17-6A3E-FDF5-3EA8-E1597D897C54}.Release|Any CPU.Build.0 = Release|Any CPU
		{533D7CE5-4C8D-A31C-DE72-9EFEB9EC256C}.Debug|Any CPU.ActiveCfg = Debug|Any CPU
		{533D7CE5-4C8D-A31C-DE72-9EFEB9EC256C}.Debug|Any CPU.Build.0 = Debug|Any CPU
		{533D7CE5-4C8D-A31C-DE72-9EFEB9EC256C}.Release|Any CPU.ActiveCfg = Release|Any CPU
		{533D7CE5-4C8D-A31C-DE72-9EFEB9EC256C}.Release|Any CPU.Build.0 = Release|Any CPU
		{6A574CF4-86B2-7A4F-8FDA-968E50632932}.Debug|Any CPU.ActiveCfg = Debug|Any CPU
		{6A574CF4-86B2-7A4F-8FDA-968E50632932}.Debug|Any CPU.Build.0 = Debug|Any CPU
		{6A574CF4-86B2-7A4F-8FDA-968E50632932}.Release|Any CPU.ActiveCfg = Release|Any CPU
		{6A574CF4-86B2-7A4F-8FDA-968E50632932}.Release|Any CPU.Build.0 = Release|Any CPU
		{97174718-6789-5B3F-4548-56A04FC2CB71}.Debug|Any CPU.ActiveCfg = Debug|Any CPU
		{97174718-6789-5B3F-4548-56A04FC2CB71}.Debug|Any CPU.Build.0 = Debug|Any CPU
		{97174718-6789-5B3F-4548-56A04FC2CB71}.Release|Any CPU.ActiveCfg = Release|Any CPU
		{97174718-6789-5B3F-4548-56A04FC2CB71}.Release|Any CPU.Build.0 = Release|Any CPU
		{6385B07B-9FFB-62DD-C5E4-A66F53F3D002}.Debug|Any CPU.ActiveCfg = Debug|Any CPU
		{6385B07B-9FFB-62DD-C5E4-A66F53F3D002}.Debug|Any CPU.Build.0 = Debug|Any CPU
		{6385B07B-9FFB-62DD-C5E4-A66F53F3D002}.Release|Any CPU.ActiveCfg = Release|Any CPU
		{6385B07B-9FFB-62DD-C5E4-A66F53F3D002}.Release|Any CPU.Build.0 = Release|Any CPU
		{25567716-F3BE-06A7-0C8B-6087181ECC74}.Debug|Any CPU.ActiveCfg = Debug|Any CPU
		{25567716-F3BE-06A7-0C8B-6087181ECC74}.Debug|Any CPU.Build.0 = Debug|Any CPU
		{25567716-F3BE-06A7-0C8B-6087181ECC74}.Release|Any CPU.ActiveCfg = Release|Any CPU
		{25567716-F3BE-06A7-0C8B-6087181ECC74}.Release|Any CPU.Build.0 = Release|Any CPU
		{A5A31805-8944-FF78-6182-3BC33E95AEDB}.Debug|Any CPU.ActiveCfg = Debug|Any CPU
		{A5A31805-8944-FF78-6182-3BC33E95AEDB}.Debug|Any CPU.Build.0 = Debug|Any CPU
		{A5A31805-8944-FF78-6182-3BC33E95AEDB}.Release|Any CPU.ActiveCfg = Release|Any CPU
		{A5A31805-8944-FF78-6182-3BC33E95AEDB}.Release|Any CPU.Build.0 = Release|Any CPU
		{ABAD0FBA-D103-F877-0801-B67629E6C99F}.Debug|Any CPU.ActiveCfg = Debug|Any CPU
		{ABAD0FBA-D103-F877-0801-B67629E6C99F}.Debug|Any CPU.Build.0 = Debug|Any CPU
		{ABAD0FBA-D103-F877-0801-B67629E6C99F}.Release|Any CPU.ActiveCfg = Release|Any CPU
		{ABAD0FBA-D103-F877-0801-B67629E6C99F}.Release|Any CPU.Build.0 = Release|Any CPU
		{FAE7797A-7C77-E15A-3F6A-B3F62178EEC6}.Debug|Any CPU.ActiveCfg = Debug|Any CPU
		{FAE7797A-7C77-E15A-3F6A-B3F62178EEC6}.Debug|Any CPU.Build.0 = Debug|Any CPU
		{FAE7797A-7C77-E15A-3F6A-B3F62178EEC6}.Release|Any CPU.ActiveCfg = Release|Any CPU
		{FAE7797A-7C77-E15A-3F6A-B3F62178EEC6}.Release|Any CPU.Build.0 = Release|Any CPU
		{1EFD9B26-B86B-DE3D-C4A1-56BD51F17B82}.Debug|Any CPU.ActiveCfg = Debug|Any CPU
		{1EFD9B26-B86B-DE3D-C4A1-56BD51F17B82}.Debug|Any CPU.Build.0 = Debug|Any CPU
		{1EFD9B26-B86B-DE3D-C4A1-56BD51F17B82}.Release|Any CPU.ActiveCfg = Release|Any CPU
		{1EFD9B26-B86B-DE3D-C4A1-56BD51F17B82}.Release|Any CPU.Build.0 = Release|Any CPU
		{99A4F24C-08F8-3031-4277-749D8B56CCA2}.Debug|Any CPU.ActiveCfg = Debug|Any CPU
		{99A4F24C-08F8-3031-4277-749D8B56CCA2}.Debug|Any CPU.Build.0 = Debug|Any CPU
		{99A4F24C-08F8-3031-4277-749D8B56CCA2}.Release|Any CPU.ActiveCfg = Release|Any CPU
		{99A4F24C-08F8-3031-4277-749D8B56CCA2}.Release|Any CPU.Build.0 = Release|Any CPU
		{EBE3F8DC-3B15-5ABF-91C1-91EB3FF2CC09}.Debug|Any CPU.ActiveCfg = Debug|Any CPU
		{EBE3F8DC-3B15-5ABF-91C1-91EB3FF2CC09}.Debug|Any CPU.Build.0 = Debug|Any CPU
		{EBE3F8DC-3B15-5ABF-91C1-91EB3FF2CC09}.Release|Any CPU.ActiveCfg = Release|Any CPU
		{EBE3F8DC-3B15-5ABF-91C1-91EB3FF2CC09}.Release|Any CPU.Build.0 = Release|Any CPU
		{05A86ADC-D244-1284-86A0-F1664D9BCA04}.Debug|Any CPU.ActiveCfg = Debug|Any CPU
		{05A86ADC-D244-1284-86A0-F1664D9BCA04}.Debug|Any CPU.Build.0 = Debug|Any CPU
		{05A86ADC-D244-1284-86A0-F1664D9BCA04}.Release|Any CPU.ActiveCfg = Release|Any CPU
		{05A86ADC-D244-1284-86A0-F1664D9BCA04}.Release|Any CPU.Build.0 = Release|Any CPU
		{560A6BD7-79CE-8EDE-4097-D4025DC30159}.Debug|Any CPU.ActiveCfg = Debug|Any CPU
		{560A6BD7-79CE-8EDE-4097-D4025DC30159}.Debug|Any CPU.Build.0 = Debug|Any CPU
		{560A6BD7-79CE-8EDE-4097-D4025DC30159}.Release|Any CPU.ActiveCfg = Release|Any CPU
		{560A6BD7-79CE-8EDE-4097-D4025DC30159}.Release|Any CPU.Build.0 = Release|Any CPU
		{B86F80BF-09C7-FCB9-C85C-290062F9B036}.Debug|Any CPU.ActiveCfg = Debug|Any CPU
		{B86F80BF-09C7-FCB9-C85C-290062F9B036}.Debug|Any CPU.Build.0 = Debug|Any CPU
		{B86F80BF-09C7-FCB9-C85C-290062F9B036}.Release|Any CPU.ActiveCfg = Release|Any CPU
		{B86F80BF-09C7-FCB9-C85C-290062F9B036}.Release|Any CPU.Build.0 = Release|Any CPU
		{897E58B6-651C-9544-EFBB-5C8115BEA3EC}.Debug|Any CPU.ActiveCfg = Debug|Any CPU
		{897E58B6-651C-9544-EFBB-5C8115BEA3EC}.Debug|Any CPU.Build.0 = Debug|Any CPU
		{897E58B6-651C-9544-EFBB-5C8115BEA3EC}.Release|Any CPU.ActiveCfg = Release|Any CPU
		{897E58B6-651C-9544-EFBB-5C8115BEA3EC}.Release|Any CPU.Build.0 = Release|Any CPU
		{04FBB29A-F708-46C0-F481-54CBCC54BF47}.Debug|Any CPU.ActiveCfg = Debug|Any CPU
		{04FBB29A-F708-46C0-F481-54CBCC54BF47}.Debug|Any CPU.Build.0 = Debug|Any CPU
		{04FBB29A-F708-46C0-F481-54CBCC54BF47}.Release|Any CPU.ActiveCfg = Release|Any CPU
		{04FBB29A-F708-46C0-F481-54CBCC54BF47}.Release|Any CPU.Build.0 = Release|Any CPU
		{F5F6A593-78D5-32CF-4388-1985648EF2FB}.Debug|Any CPU.ActiveCfg = Debug|Any CPU
		{F5F6A593-78D5-32CF-4388-1985648EF2FB}.Debug|Any CPU.Build.0 = Debug|Any CPU
		{F5F6A593-78D5-32CF-4388-1985648EF2FB}.Release|Any CPU.ActiveCfg = Release|Any CPU
		{F5F6A593-78D5-32CF-4388-1985648EF2FB}.Release|Any CPU.Build.0 = Release|Any CPU
		{74DE76A9-3DFA-6199-C15C-4237BEDB4E3E}.Debug|Any CPU.ActiveCfg = Debug|Any CPU
		{74DE76A9-3DFA-6199-C15C-4237BEDB4E3E}.Debug|Any CPU.Build.0 = Debug|Any CPU
		{74DE76A9-3DFA-6199-C15C-4237BEDB4E3E}.Release|Any CPU.ActiveCfg = Release|Any CPU
		{74DE76A9-3DFA-6199-C15C-4237BEDB4E3E}.Release|Any CPU.Build.0 = Release|Any CPU
		{400183F6-EEDE-048C-471A-82A8A403FD7E}.Debug|Any CPU.ActiveCfg = Debug|Any CPU
		{400183F6-EEDE-048C-471A-82A8A403FD7E}.Debug|Any CPU.Build.0 = Debug|Any CPU
		{400183F6-EEDE-048C-471A-82A8A403FD7E}.Release|Any CPU.ActiveCfg = Release|Any CPU
		{400183F6-EEDE-048C-471A-82A8A403FD7E}.Release|Any CPU.Build.0 = Release|Any CPU
		{EA8E503F-A06E-A3AA-57BC-0238B50BEA64}.Debug|Any CPU.ActiveCfg = Debug|Any CPU
		{EA8E503F-A06E-A3AA-57BC-0238B50BEA64}.Debug|Any CPU.Build.0 = Debug|Any CPU
		{EA8E503F-A06E-A3AA-57BC-0238B50BEA64}.Release|Any CPU.ActiveCfg = Release|Any CPU
		{EA8E503F-A06E-A3AA-57BC-0238B50BEA64}.Release|Any CPU.Build.0 = Release|Any CPU
		{BC064C45-70CD-6224-CE61-A8E94EA32817}.Debug|Any CPU.ActiveCfg = Debug|Any CPU
		{BC064C45-70CD-6224-CE61-A8E94EA32817}.Debug|Any CPU.Build.0 = Debug|Any CPU
		{BC064C45-70CD-6224-CE61-A8E94EA32817}.Release|Any CPU.ActiveCfg = Release|Any CPU
		{BC064C45-70CD-6224-CE61-A8E94EA32817}.Release|Any CPU.Build.0 = Release|Any CPU
		{C16633CC-54D3-899A-FA3E-7E39F5813627}.Debug|Any CPU.ActiveCfg = Debug|Any CPU
		{C16633CC-54D3-899A-FA3E-7E39F5813627}.Debug|Any CPU.Build.0 = Debug|Any CPU
		{C16633CC-54D3-899A-FA3E-7E39F5813627}.Release|Any CPU.ActiveCfg = Release|Any CPU
		{C16633CC-54D3-899A-FA3E-7E39F5813627}.Release|Any CPU.Build.0 = Release|Any CPU
		{E0212EE7-8F5D-D842-DB92-4A4FB04FCD90}.Debug|Any CPU.ActiveCfg = Debug|Any CPU
		{E0212EE7-8F5D-D842-DB92-4A4FB04FCD90}.Debug|Any CPU.Build.0 = Debug|Any CPU
		{E0212EE7-8F5D-D842-DB92-4A4FB04FCD90}.Release|Any CPU.ActiveCfg = Release|Any CPU
		{E0212EE7-8F5D-D842-DB92-4A4FB04FCD90}.Release|Any CPU.Build.0 = Release|Any CPU
		{DFA36033-D42F-A0CA-A2E4-6C79C6D12BC3}.Debug|Any CPU.ActiveCfg = Debug|Any CPU
		{DFA36033-D42F-A0CA-A2E4-6C79C6D12BC3}.Debug|Any CPU.Build.0 = Debug|Any CPU
		{DFA36033-D42F-A0CA-A2E4-6C79C6D12BC3}.Release|Any CPU.ActiveCfg = Release|Any CPU
		{DFA36033-D42F-A0CA-A2E4-6C79C6D12BC3}.Release|Any CPU.Build.0 = Release|Any CPU
		{1F8377C7-AA5A-D528-6B17-E20AA05683F2}.Debug|Any CPU.ActiveCfg = Debug|Any CPU
		{1F8377C7-AA5A-D528-6B17-E20AA05683F2}.Debug|Any CPU.Build.0 = Debug|Any CPU
		{1F8377C7-AA5A-D528-6B17-E20AA05683F2}.Release|Any CPU.ActiveCfg = Release|Any CPU
		{1F8377C7-AA5A-D528-6B17-E20AA05683F2}.Release|Any CPU.Build.0 = Release|Any CPU
		{93AC10F8-6E90-75C3-C8F9-9A8D9AB47209}.Debug|Any CPU.ActiveCfg = Debug|Any CPU
		{93AC10F8-6E90-75C3-C8F9-9A8D9AB47209}.Debug|Any CPU.Build.0 = Debug|Any CPU
		{93AC10F8-6E90-75C3-C8F9-9A8D9AB47209}.Release|Any CPU.ActiveCfg = Release|Any CPU
		{93AC10F8-6E90-75C3-C8F9-9A8D9AB47209}.Release|Any CPU.Build.0 = Release|Any CPU
		{EFDDF2DC-838C-E6C3-6CC2-6B8A768A50C4}.Debug|Any CPU.ActiveCfg = Debug|Any CPU
		{EFDDF2DC-838C-E6C3-6CC2-6B8A768A50C4}.Debug|Any CPU.Build.0 = Debug|Any CPU
		{EFDDF2DC-838C-E6C3-6CC2-6B8A768A50C4}.Release|Any CPU.ActiveCfg = Release|Any CPU
		{EFDDF2DC-838C-E6C3-6CC2-6B8A768A50C4}.Release|Any CPU.Build.0 = Release|Any CPU
		{5DD5EC9F-BE8F-F9F4-B1D5-EDD43D46F9EB}.Debug|Any CPU.ActiveCfg = Debug|Any CPU
		{5DD5EC9F-BE8F-F9F4-B1D5-EDD43D46F9EB}.Debug|Any CPU.Build.0 = Debug|Any CPU
		{5DD5EC9F-BE8F-F9F4-B1D5-EDD43D46F9EB}.Release|Any CPU.ActiveCfg = Release|Any CPU
		{5DD5EC9F-BE8F-F9F4-B1D5-EDD43D46F9EB}.Release|Any CPU.Build.0 = Release|Any CPU
		{2A7501BE-C703-24E3-4A8A-6D45C6D68FAE}.Debug|Any CPU.ActiveCfg = Debug|Any CPU
		{2A7501BE-C703-24E3-4A8A-6D45C6D68FAE}.Debug|Any CPU.Build.0 = Debug|Any CPU
		{2A7501BE-C703-24E3-4A8A-6D45C6D68FAE}.Release|Any CPU.ActiveCfg = Release|Any CPU
		{2A7501BE-C703-24E3-4A8A-6D45C6D68FAE}.Release|Any CPU.Build.0 = Release|Any CPU
		{93D721BD-B9CC-6C3B-85BA-A2EE9EADCCBC}.Debug|Any CPU.ActiveCfg = Debug|Any CPU
		{93D721BD-B9CC-6C3B-85BA-A2EE9EADCCBC}.Debug|Any CPU.Build.0 = Debug|Any CPU
		{93D721BD-B9CC-6C3B-85BA-A2EE9EADCCBC}.Release|Any CPU.ActiveCfg = Release|Any CPU
		{93D721BD-B9CC-6C3B-85BA-A2EE9EADCCBC}.Release|Any CPU.Build.0 = Release|Any CPU
		{52A91248-3C4F-01FA-13AF-04E550F70507}.Debug|Any CPU.ActiveCfg = Debug|Any CPU
		{52A91248-3C4F-01FA-13AF-04E550F70507}.Debug|Any CPU.Build.0 = Debug|Any CPU
		{52A91248-3C4F-01FA-13AF-04E550F70507}.Release|Any CPU.ActiveCfg = Release|Any CPU
		{52A91248-3C4F-01FA-13AF-04E550F70507}.Release|Any CPU.Build.0 = Release|Any CPU
		{DAFA81BE-54B2-624F-3FFF-DF19A824510E}.Debug|Any CPU.ActiveCfg = Debug|Any CPU
		{DAFA81BE-54B2-624F-3FFF-DF19A824510E}.Debug|Any CPU.Build.0 = Debug|Any CPU
		{DAFA81BE-54B2-624F-3FFF-DF19A824510E}.Release|Any CPU.ActiveCfg = Release|Any CPU
		{DAFA81BE-54B2-624F-3FFF-DF19A824510E}.Release|Any CPU.Build.0 = Release|Any CPU
		{794FD9A7-8453-54F7-793D-3BFF4DFADDC8}.Debug|Any CPU.ActiveCfg = Debug|Any CPU
		{794FD9A7-8453-54F7-793D-3BFF4DFADDC8}.Debug|Any CPU.Build.0 = Debug|Any CPU
		{794FD9A7-8453-54F7-793D-3BFF4DFADDC8}.Release|Any CPU.ActiveCfg = Release|Any CPU
		{794FD9A7-8453-54F7-793D-3BFF4DFADDC8}.Release|Any CPU.Build.0 = Release|Any CPU
		{BC00331C-58E8-0634-5544-613BF4EF2370}.Debug|Any CPU.ActiveCfg = Debug|Any CPU
		{BC00331C-58E8-0634-5544-613BF4EF2370}.Debug|Any CPU.Build.0 = Debug|Any CPU
		{BC00331C-58E8-0634-5544-613BF4EF2370}.Release|Any CPU.ActiveCfg = Release|Any CPU
		{BC00331C-58E8-0634-5544-613BF4EF2370}.Release|Any CPU.Build.0 = Release|Any CPU
		{FAD57EAD-5394-1F6B-6770-69504DCDDC37}.Debug|Any CPU.ActiveCfg = Debug|Any CPU
		{FAD57EAD-5394-1F6B-6770-69504DCDDC37}.Debug|Any CPU.Build.0 = Debug|Any CPU
		{FAD57EAD-5394-1F6B-6770-69504DCDDC37}.Release|Any CPU.ActiveCfg = Release|Any CPU
		{FAD57EAD-5394-1F6B-6770-69504DCDDC37}.Release|Any CPU.Build.0 = Release|Any CPU
		{822C3458-0C4F-9E47-ABB6-99F64B99DC9A}.Debug|Any CPU.ActiveCfg = Debug|Any CPU
		{822C3458-0C4F-9E47-ABB6-99F64B99DC9A}.Debug|Any CPU.Build.0 = Debug|Any CPU
		{822C3458-0C4F-9E47-ABB6-99F64B99DC9A}.Release|Any CPU.ActiveCfg = Release|Any CPU
		{822C3458-0C4F-9E47-ABB6-99F64B99DC9A}.Release|Any CPU.Build.0 = Release|Any CPU
		{FBCA509D-392A-5C1C-305B-B3E5DB8EA122}.Debug|Any CPU.ActiveCfg = Debug|Any CPU
		{FBCA509D-392A-5C1C-305B-B3E5DB8EA122}.Debug|Any CPU.Build.0 = Debug|Any CPU
		{FBCA509D-392A-5C1C-305B-B3E5DB8EA122}.Release|Any CPU.ActiveCfg = Release|Any CPU
		{FBCA509D-392A-5C1C-305B-B3E5DB8EA122}.Release|Any CPU.Build.0 = Release|Any CPU
		{70E03778-5E32-BCD4-0D69-C1D319E62CEF}.Debug|Any CPU.ActiveCfg = Debug|Any CPU
		{70E03778-5E32-BCD4-0D69-C1D319E62CEF}.Debug|Any CPU.Build.0 = Debug|Any CPU
		{70E03778-5E32-BCD4-0D69-C1D319E62CEF}.Release|Any CPU.ActiveCfg = Release|Any CPU
		{70E03778-5E32-BCD4-0D69-C1D319E62CEF}.Release|Any CPU.Build.0 = Release|Any CPU
		{AD7A4BB6-2E88-3FD7-8FF0-4F9CEF0AA7D6}.Debug|Any CPU.ActiveCfg = Debug|Any CPU
		{AD7A4BB6-2E88-3FD7-8FF0-4F9CEF0AA7D6}.Debug|Any CPU.Build.0 = Debug|Any CPU
		{AD7A4BB6-2E88-3FD7-8FF0-4F9CEF0AA7D6}.Release|Any CPU.ActiveCfg = Release|Any CPU
		{AD7A4BB6-2E88-3FD7-8FF0-4F9CEF0AA7D6}.Release|Any CPU.Build.0 = Release|Any CPU
		{0D5E3138-E248-BB12-CF8B-D38A99A9E4FD}.Debug|Any CPU.ActiveCfg = Debug|Any CPU
		{0D5E3138-E248-BB12-CF8B-D38A99A9E4FD}.Debug|Any CPU.Build.0 = Debug|Any CPU
		{0D5E3138-E248-BB12-CF8B-D38A99A9E4FD}.Release|Any CPU.ActiveCfg = Release|Any CPU
		{0D5E3138-E248-BB12-CF8B-D38A99A9E4FD}.Release|Any CPU.Build.0 = Release|Any CPU
		{F825CA76-501B-914E-3CA2-1ADC2C387FDA}.Debug|Any CPU.ActiveCfg = Debug|Any CPU
		{F825CA76-501B-914E-3CA2-1ADC2C387FDA}.Debug|Any CPU.Build.0 = Debug|Any CPU
		{F825CA76-501B-914E-3CA2-1ADC2C387FDA}.Release|Any CPU.ActiveCfg = Release|Any CPU
		{F825CA76-501B-914E-3CA2-1ADC2C387FDA}.Release|Any CPU.Build.0 = Release|Any CPU
		{8C89BBBB-E754-4D2B-970F-79C475DCE691}.Debug|Any CPU.ActiveCfg = Debug|Any CPU
		{8C89BBBB-E754-4D2B-970F-79C475DCE691}.Debug|Any CPU.Build.0 = Debug|Any CPU
		{8C89BBBB-E754-4D2B-970F-79C475DCE691}.Release|Any CPU.ActiveCfg = Release|Any CPU
		{8C89BBBB-E754-4D2B-970F-79C475DCE691}.Release|Any CPU.Build.0 = Release|Any CPU
		{ED550303-0572-719B-3258-E587FC03AAC8}.Debug|Any CPU.ActiveCfg = Debug|Any CPU
		{ED550303-0572-719B-3258-E587FC03AAC8}.Debug|Any CPU.Build.0 = Debug|Any CPU
		{ED550303-0572-719B-3258-E587FC03AAC8}.Release|Any CPU.ActiveCfg = Release|Any CPU
		{ED550303-0572-719B-3258-E587FC03AAC8}.Release|Any CPU.Build.0 = Release|Any CPU
		{B607BD7A-25D4-D2AA-55FE-9AEF02E7E47B}.Debug|Any CPU.ActiveCfg = Debug|Any CPU
		{B607BD7A-25D4-D2AA-55FE-9AEF02E7E47B}.Debug|Any CPU.Build.0 = Debug|Any CPU
		{B607BD7A-25D4-D2AA-55FE-9AEF02E7E47B}.Release|Any CPU.ActiveCfg = Release|Any CPU
		{B607BD7A-25D4-D2AA-55FE-9AEF02E7E47B}.Release|Any CPU.Build.0 = Release|Any CPU
		{ACC87E03-DD9C-733C-96BC-2D70DD5840C5}.Debug|Any CPU.ActiveCfg = Debug|Any CPU
		{ACC87E03-DD9C-733C-96BC-2D70DD5840C5}.Debug|Any CPU.Build.0 = Debug|Any CPU
		{ACC87E03-DD9C-733C-96BC-2D70DD5840C5}.Release|Any CPU.ActiveCfg = Release|Any CPU
		{ACC87E03-DD9C-733C-96BC-2D70DD5840C5}.Release|Any CPU.Build.0 = Release|Any CPU
		{61693624-E086-B12E-7EEE-A7873942099A}.Debug|Any CPU.ActiveCfg = Debug|Any CPU
		{61693624-E086-B12E-7EEE-A7873942099A}.Debug|Any CPU.Build.0 = Debug|Any CPU
		{61693624-E086-B12E-7EEE-A7873942099A}.Release|Any CPU.ActiveCfg = Release|Any CPU
		{61693624-E086-B12E-7EEE-A7873942099A}.Release|Any CPU.Build.0 = Release|Any CPU
		{7D9FA75D-03E5-449E-C7EF-BC568E0D8A39}.Debug|Any CPU.ActiveCfg = Debug|Any CPU
		{7D9FA75D-03E5-449E-C7EF-BC568E0D8A39}.Debug|Any CPU.Build.0 = Debug|Any CPU
		{7D9FA75D-03E5-449E-C7EF-BC568E0D8A39}.Release|Any CPU.ActiveCfg = Release|Any CPU
		{7D9FA75D-03E5-449E-C7EF-BC568E0D8A39}.Release|Any CPU.Build.0 = Release|Any CPU
		{3E147945-6371-5E4C-0291-F345456FF2A9}.Debug|Any CPU.ActiveCfg = Debug|Any CPU
		{3E147945-6371-5E4C-0291-F345456FF2A9}.Debug|Any CPU.Build.0 = Debug|Any CPU
		{3E147945-6371-5E4C-0291-F345456FF2A9}.Release|Any CPU.ActiveCfg = Release|Any CPU
		{3E147945-6371-5E4C-0291-F345456FF2A9}.Release|Any CPU.Build.0 = Release|Any CPU
		{86800650-4AD0-99BB-BAB8-6CB1F18FAD06}.Debug|Any CPU.ActiveCfg = Debug|Any CPU
		{86800650-4AD0-99BB-BAB8-6CB1F18FAD06}.Debug|Any CPU.Build.0 = Debug|Any CPU
		{86800650-4AD0-99BB-BAB8-6CB1F18FAD06}.Release|Any CPU.ActiveCfg = Release|Any CPU
		{86800650-4AD0-99BB-BAB8-6CB1F18FAD06}.Release|Any CPU.Build.0 = Release|Any CPU
		{377CA5DA-58BC-6FD4-6EA7-EE71EBAA2582}.Debug|Any CPU.ActiveCfg = Debug|Any CPU
		{377CA5DA-58BC-6FD4-6EA7-EE71EBAA2582}.Debug|Any CPU.Build.0 = Debug|Any CPU
		{377CA5DA-58BC-6FD4-6EA7-EE71EBAA2582}.Release|Any CPU.ActiveCfg = Release|Any CPU
		{377CA5DA-58BC-6FD4-6EA7-EE71EBAA2582}.Release|Any CPU.Build.0 = Release|Any CPU
		{CC1ACB47-EE99-39B6-ED93-5494A9288E8F}.Debug|Any CPU.ActiveCfg = Debug|Any CPU
		{CC1ACB47-EE99-39B6-ED93-5494A9288E8F}.Debug|Any CPU.Build.0 = Debug|Any CPU
		{CC1ACB47-EE99-39B6-ED93-5494A9288E8F}.Release|Any CPU.ActiveCfg = Release|Any CPU
		{CC1ACB47-EE99-39B6-ED93-5494A9288E8F}.Release|Any CPU.Build.0 = Release|Any CPU
		{590D3005-92EA-A833-5E76-7DD8C307555E}.Debug|Any CPU.ActiveCfg = Debug|Any CPU
		{590D3005-92EA-A833-5E76-7DD8C307555E}.Debug|Any CPU.Build.0 = Debug|Any CPU
		{590D3005-92EA-A833-5E76-7DD8C307555E}.Release|Any CPU.ActiveCfg = Release|Any CPU
		{590D3005-92EA-A833-5E76-7DD8C307555E}.Release|Any CPU.Build.0 = Release|Any CPU
		{2371C5C2-F685-D792-50C0-F9EFD2F26056}.Debug|Any CPU.ActiveCfg = Debug|Any CPU
		{2371C5C2-F685-D792-50C0-F9EFD2F26056}.Debug|Any CPU.Build.0 = Debug|Any CPU
		{2371C5C2-F685-D792-50C0-F9EFD2F26056}.Release|Any CPU.ActiveCfg = Release|Any CPU
		{2371C5C2-F685-D792-50C0-F9EFD2F26056}.Release|Any CPU.Build.0 = Release|Any CPU
		{25778027-28EB-8689-B66D-1383AC0DCDC8}.Debug|Any CPU.ActiveCfg = Debug|Any CPU
		{25778027-28EB-8689-B66D-1383AC0DCDC8}.Debug|Any CPU.Build.0 = Debug|Any CPU
		{25778027-28EB-8689-B66D-1383AC0DCDC8}.Release|Any CPU.ActiveCfg = Release|Any CPU
		{25778027-28EB-8689-B66D-1383AC0DCDC8}.Release|Any CPU.Build.0 = Release|Any CPU
		{9687D496-98A7-0E1A-A04C-AB1C656AEE07}.Debug|Any CPU.ActiveCfg = Debug|Any CPU
		{9687D496-98A7-0E1A-A04C-AB1C656AEE07}.Debug|Any CPU.Build.0 = Debug|Any CPU
		{9687D496-98A7-0E1A-A04C-AB1C656AEE07}.Release|Any CPU.ActiveCfg = Release|Any CPU
		{9687D496-98A7-0E1A-A04C-AB1C656AEE07}.Release|Any CPU.Build.0 = Release|Any CPU
		{10B3443C-D944-F3C5-3A51-4EAF6D730793}.Debug|Any CPU.ActiveCfg = Debug|Any CPU
		{10B3443C-D944-F3C5-3A51-4EAF6D730793}.Debug|Any CPU.Build.0 = Debug|Any CPU
		{10B3443C-D944-F3C5-3A51-4EAF6D730793}.Release|Any CPU.ActiveCfg = Release|Any CPU
		{10B3443C-D944-F3C5-3A51-4EAF6D730793}.Release|Any CPU.Build.0 = Release|Any CPU
		{A554562D-38D0-6E93-61AA-45EF482BA1C0}.Debug|Any CPU.ActiveCfg = Debug|Any CPU
		{A554562D-38D0-6E93-61AA-45EF482BA1C0}.Debug|Any CPU.Build.0 = Debug|Any CPU
		{A554562D-38D0-6E93-61AA-45EF482BA1C0}.Release|Any CPU.ActiveCfg = Release|Any CPU
		{A554562D-38D0-6E93-61AA-45EF482BA1C0}.Release|Any CPU.Build.0 = Release|Any CPU
		{E8775B1F-6E9A-379D-CED7-3D01A7D5223F}.Debug|Any CPU.ActiveCfg = Debug|Any CPU
		{E8775B1F-6E9A-379D-CED7-3D01A7D5223F}.Debug|Any CPU.Build.0 = Debug|Any CPU
		{E8775B1F-6E9A-379D-CED7-3D01A7D5223F}.Release|Any CPU.ActiveCfg = Release|Any CPU
		{E8775B1F-6E9A-379D-CED7-3D01A7D5223F}.Release|Any CPU.Build.0 = Release|Any CPU
		{6CCB60F8-69BA-02C2-5396-D3B8459C2899}.Debug|Any CPU.ActiveCfg = Debug|Any CPU
		{6CCB60F8-69BA-02C2-5396-D3B8459C2899}.Debug|Any CPU.Build.0 = Debug|Any CPU
		{6CCB60F8-69BA-02C2-5396-D3B8459C2899}.Release|Any CPU.ActiveCfg = Release|Any CPU
		{6CCB60F8-69BA-02C2-5396-D3B8459C2899}.Release|Any CPU.Build.0 = Release|Any CPU
		{20139334-FC20-CCFF-F019-AAA0A68E6A47}.Debug|Any CPU.ActiveCfg = Debug|Any CPU
		{20139334-FC20-CCFF-F019-AAA0A68E6A47}.Debug|Any CPU.Build.0 = Debug|Any CPU
		{20139334-FC20-CCFF-F019-AAA0A68E6A47}.Release|Any CPU.ActiveCfg = Release|Any CPU
		{20139334-FC20-CCFF-F019-AAA0A68E6A47}.Release|Any CPU.Build.0 = Release|Any CPU
		{AC93D3E7-154E-A0BC-867F-483569A19698}.Debug|Any CPU.ActiveCfg = Debug|Any CPU
		{AC93D3E7-154E-A0BC-867F-483569A19698}.Debug|Any CPU.Build.0 = Debug|Any CPU
		{AC93D3E7-154E-A0BC-867F-483569A19698}.Release|Any CPU.ActiveCfg = Release|Any CPU
		{AC93D3E7-154E-A0BC-867F-483569A19698}.Release|Any CPU.Build.0 = Release|Any CPU
		{203D0878-C435-4A7B-F57A-3650A0134E09}.Debug|Any CPU.ActiveCfg = Debug|Any CPU
		{203D0878-C435-4A7B-F57A-3650A0134E09}.Debug|Any CPU.Build.0 = Debug|Any CPU
		{203D0878-C435-4A7B-F57A-3650A0134E09}.Release|Any CPU.ActiveCfg = Release|Any CPU
		{203D0878-C435-4A7B-F57A-3650A0134E09}.Release|Any CPU.Build.0 = Release|Any CPU
		{FF749788-B33E-B217-E9CB-12837D07BEAA}.Debug|Any CPU.ActiveCfg = Debug|Any CPU
		{FF749788-B33E-B217-E9CB-12837D07BEAA}.Debug|Any CPU.Build.0 = Debug|Any CPU
		{FF749788-B33E-B217-E9CB-12837D07BEAA}.Release|Any CPU.ActiveCfg = Release|Any CPU
		{FF749788-B33E-B217-E9CB-12837D07BEAA}.Release|Any CPU.Build.0 = Release|Any CPU
		{E6C94CC3-9771-C49A-988D-625E2722EE8F}.Debug|Any CPU.ActiveCfg = Debug|Any CPU
		{E6C94CC3-9771-C49A-988D-625E2722EE8F}.Debug|Any CPU.Build.0 = Debug|Any CPU
		{E6C94CC3-9771-C49A-988D-625E2722EE8F}.Release|Any CPU.ActiveCfg = Release|Any CPU
		{E6C94CC3-9771-C49A-988D-625E2722EE8F}.Release|Any CPU.Build.0 = Release|Any CPU
		{20D9FEC8-0AEE-9BF9-4EF5-2772B02D5310}.Debug|Any CPU.ActiveCfg = Debug|Any CPU
		{20D9FEC8-0AEE-9BF9-4EF5-2772B02D5310}.Debug|Any CPU.Build.0 = Debug|Any CPU
		{20D9FEC8-0AEE-9BF9-4EF5-2772B02D5310}.Release|Any CPU.ActiveCfg = Release|Any CPU
		{20D9FEC8-0AEE-9BF9-4EF5-2772B02D5310}.Release|Any CPU.Build.0 = Release|Any CPU
		{E36839CC-AD2F-7D10-5C6A-3A57AE5AA14C}.Debug|Any CPU.ActiveCfg = Debug|Any CPU
		{E36839CC-AD2F-7D10-5C6A-3A57AE5AA14C}.Debug|Any CPU.Build.0 = Debug|Any CPU
		{E36839CC-AD2F-7D10-5C6A-3A57AE5AA14C}.Release|Any CPU.ActiveCfg = Release|Any CPU
		{E36839CC-AD2F-7D10-5C6A-3A57AE5AA14C}.Release|Any CPU.Build.0 = Release|Any CPU
	EndGlobalSection
	GlobalSection(SolutionProperties) = preSolution
		HideSolutionNode = FALSE
	EndGlobalSection
EndGlobal
